
Microsoft Visual Studio Solution File, Format Version 12.00
# Visual Studio Version 16
VisualStudioVersion = 16.0.30309.148
MinimumVisualStudioVersion = 10.0.40219.1
Project("{FAE04EC0-301F-11D3-BF4B-00C04F79EFBC}") = "Formatting", "Formatting\Formatting.csproj", "{79851E7D-E218-4E75-93DC-340546A61887}"
EndProject
Project("{FAE04EC0-301F-11D3-BF4B-00C04F79EFBC}") = "ConditionalFormatting", "ConditionalFormatting\ConditionalFormatting.csproj", "{477DB01F-0A2A-4EBE-9FF4-1AC96211A384}"
EndProject
Project("{FAE04EC0-301F-11D3-BF4B-00C04F79EFBC}") = "Shapes", "Shapes\Shapes.csproj", "{3542F218-3472-43AF-AE37-8BA57882A414}"
EndProject
Project("{FAE04EC0-301F-11D3-BF4B-00C04F79EFBC}") = "EcmaFormulas", "EcmaFormulas\EcmaFormulas.csproj", "{C588CBE0-2F51-4597-8EB3-D2017846D5AF}"
EndProject
Project("{FAE04EC0-301F-11D3-BF4B-00C04F79EFBC}") = "Charts", "Charts\Charts.csproj", "{49DC4276-FCF4-42BA-9BAC-F80C12EB9F92}"
EndProject
Project("{FAE04EC0-301F-11D3-BF4B-00C04F79EFBC}") = "Comments", "Comments\Comments.csproj", "{C0073526-86CC-47C8-94C3-9131D6DE1CB3}"
EndProject
Project("{FAE04EC0-301F-11D3-BF4B-00C04F79EFBC}") = "Sparklines", "Sparklines\Sparklines.csproj", "{0EF184E6-50D9-4757-841B-2A054AF5709E}"
EndProject
Project("{FAE04EC0-301F-11D3-BF4B-00C04F79EFBC}") = "Filter", "Filter\Filter.csproj", "{D7638979-E5CE-468F-8BB8-61C7739BC308}"
EndProject
Global
	GlobalSection(SolutionConfigurationPlatforms) = preSolution
		Debug|Any CPU = Debug|Any CPU
		Debug|x64 = Debug|x64
		Debug|x86 = Debug|x86
		Release|Any CPU = Release|Any CPU
		Release|x64 = Release|x64
		Release|x86 = Release|x86
	EndGlobalSection
	GlobalSection(ProjectConfigurationPlatforms) = postSolution
		{79851E7D-E218-4E75-93DC-340546A61887}.Debug|Any CPU.ActiveCfg = Debug|Any CPU
		{79851E7D-E218-4E75-93DC-340546A61887}.Debug|Any CPU.Build.0 = Debug|Any CPU
		{79851E7D-E218-4E75-93DC-340546A61887}.Debug|x64.ActiveCfg = Debug|Any CPU
		{79851E7D-E218-4E75-93DC-340546A61887}.Debug|x64.Build.0 = Debug|Any CPU
		{79851E7D-E218-4E75-93DC-340546A61887}.Debug|x86.ActiveCfg = Debug|Any CPU
		{79851E7D-E218-4E75-93DC-340546A61887}.Debug|x86.Build.0 = Debug|Any CPU
		{79851E7D-E218-4E75-93DC-340546A61887}.Release|Any CPU.ActiveCfg = Release|Any CPU
		{79851E7D-E218-4E75-93DC-340546A61887}.Release|Any CPU.Build.0 = Release|Any CPU
		{79851E7D-E218-4E75-93DC-340546A61887}.Release|x64.ActiveCfg = Release|Any CPU
		{79851E7D-E218-4E75-93DC-340546A61887}.Release|x64.Build.0 = Release|Any CPU
		{79851E7D-E218-4E75-93DC-340546A61887}.Release|x86.ActiveCfg = Release|Any CPU
		{79851E7D-E218-4E75-93DC-340546A61887}.Release|x86.Build.0 = Release|Any CPU
		{477DB01F-0A2A-4EBE-9FF4-1AC96211A384}.Debug|Any CPU.ActiveCfg = Debug|Any CPU
		{477DB01F-0A2A-4EBE-9FF4-1AC96211A384}.Debug|Any CPU.Build.0 = Debug|Any CPU
		{477DB01F-0A2A-4EBE-9FF4-1AC96211A384}.Debug|x64.ActiveCfg = Debug|Any CPU
		{477DB01F-0A2A-4EBE-9FF4-1AC96211A384}.Debug|x64.Build.0 = Debug|Any CPU
		{477DB01F-0A2A-4EBE-9FF4-1AC96211A384}.Debug|x86.ActiveCfg = Debug|Any CPU
		{477DB01F-0A2A-4EBE-9FF4-1AC96211A384}.Debug|x86.Build.0 = Debug|Any CPU
		{477DB01F-0A2A-4EBE-9FF4-1AC96211A384}.Release|Any CPU.ActiveCfg = Release|Any CPU
		{477DB01F-0A2A-4EBE-9FF4-1AC96211A384}.Release|Any CPU.Build.0 = Release|Any CPU
		{477DB01F-0A2A-4EBE-9FF4-1AC96211A384}.Release|x64.ActiveCfg = Release|Any CPU
		{477DB01F-0A2A-4EBE-9FF4-1AC96211A384}.Release|x64.Build.0 = Release|Any CPU
		{477DB01F-0A2A-4EBE-9FF4-1AC96211A384}.Release|x86.ActiveCfg = Release|Any CPU
		{477DB01F-0A2A-4EBE-9FF4-1AC96211A384}.Release|x86.Build.0 = Release|Any CPU
		{3542F218-3472-43AF-AE37-8BA57882A414}.Debug|Any CPU.ActiveCfg = Debug|Any CPU
		{3542F218-3472-43AF-AE37-8BA57882A414}.Debug|Any CPU.Build.0 = Debug|Any CPU
		{3542F218-3472-43AF-AE37-8BA57882A414}.Debug|x64.ActiveCfg = Debug|Any CPU
		{3542F218-3472-43AF-AE37-8BA57882A414}.Debug|x64.Build.0 = Debug|Any CPU
		{3542F218-3472-43AF-AE37-8BA57882A414}.Debug|x86.ActiveCfg = Debug|Any CPU
		{3542F218-3472-43AF-AE37-8BA57882A414}.Debug|x86.Build.0 = Debug|Any CPU
		{3542F218-3472-43AF-AE37-8BA57882A414}.Release|Any CPU.ActiveCfg = Release|Any CPU
		{3542F218-3472-43AF-AE37-8BA57882A414}.Release|Any CPU.Build.0 = Release|Any CPU
		{3542F218-3472-43AF-AE37-8BA57882A414}.Release|x64.ActiveCfg = Release|Any CPU
		{3542F218-3472-43AF-AE37-8BA57882A414}.Release|x64.Build.0 = Release|Any CPU
		{3542F218-3472-43AF-AE37-8BA57882A414}.Release|x86.ActiveCfg = Release|Any CPU
		{3542F218-3472-43AF-AE37-8BA57882A414}.Release|x86.Build.0 = Release|Any CPU
		{C588CBE0-2F51-4597-8EB3-D2017846D5AF}.Debug|Any CPU.ActiveCfg = Debug|Any CPU
		{C588CBE0-2F51-4597-8EB3-D2017846D5AF}.Debug|Any CPU.Build.0 = Debug|Any CPU
		{C588CBE0-2F51-4597-8EB3-D2017846D5AF}.Debug|x64.ActiveCfg = Debug|Any CPU
		{C588CBE0-2F51-4597-8EB3-D2017846D5AF}.Debug|x64.Build.0 = Debug|Any CPU
		{C588CBE0-2F51-4597-8EB3-D2017846D5AF}.Debug|x86.ActiveCfg = Debug|Any CPU
		{C588CBE0-2F51-4597-8EB3-D2017846D5AF}.Debug|x86.Build.0 = Debug|Any CPU
		{C588CBE0-2F51-4597-8EB3-D2017846D5AF}.Release|Any CPU.ActiveCfg = Release|Any CPU
		{C588CBE0-2F51-4597-8EB3-D2017846D5AF}.Release|Any CPU.Build.0 = Release|Any CPU
		{C588CBE0-2F51-4597-8EB3-D2017846D5AF}.Release|x64.ActiveCfg = Release|Any CPU
		{C588CBE0-2F51-4597-8EB3-D2017846D5AF}.Release|x64.Build.0 = Release|Any CPU
		{C588CBE0-2F51-4597-8EB3-D2017846D5AF}.Release|x86.ActiveCfg = Release|Any CPU
		{C588CBE0-2F51-4597-8EB3-D2017846D5AF}.Release|x86.Build.0 = Release|Any CPU
		{49DC4276-FCF4-42BA-9BAC-F80C12EB9F92}.Debug|Any CPU.ActiveCfg = Debug|Any CPU
		{49DC4276-FCF4-42BA-9BAC-F80C12EB9F92}.Debug|Any CPU.Build.0 = Debug|Any CPU
		{49DC4276-FCF4-42BA-9BAC-F80C12EB9F92}.Debug|x64.ActiveCfg = Debug|Any CPU
		{49DC4276-FCF4-42BA-9BAC-F80C12EB9F92}.Debug|x64.Build.0 = Debug|Any CPU
		{49DC4276-FCF4-42BA-9BAC-F80C12EB9F92}.Debug|x86.ActiveCfg = Debug|Any CPU
		{49DC4276-FCF4-42BA-9BAC-F80C12EB9F92}.Debug|x86.Build.0 = Debug|Any CPU
		{49DC4276-FCF4-42BA-9BAC-F80C12EB9F92}.Release|Any CPU.ActiveCfg = Release|Any CPU
		{49DC4276-FCF4-42BA-9BAC-F80C12EB9F92}.Release|Any CPU.Build.0 = Release|Any CPU
		{49DC4276-FCF4-42BA-9BAC-F80C12EB9F92}.Release|x64.ActiveCfg = Release|Any CPU
		{49DC4276-FCF4-42BA-9BAC-F80C12EB9F92}.Release|x64.Build.0 = Release|Any CPU
		{49DC4276-FCF4-42BA-9BAC-F80C12EB9F92}.Release|x86.ActiveCfg = Release|Any CPU
		{49DC4276-FCF4-42BA-9BAC-F80C12EB9F92}.Release|x86.Build.0 = Release|Any CPU
		{C0073526-86CC-47C8-94C3-9131D6DE1CB3}.Debug|Any CPU.ActiveCfg = Debug|Any CPU
		{C0073526-86CC-47C8-94C3-9131D6DE1CB3}.Debug|Any CPU.Build.0 = Debug|Any CPU
		{C0073526-86CC-47C8-94C3-9131D6DE1CB3}.Debug|x64.ActiveCfg = Debug|Any CPU
		{C0073526-86CC-47C8-94C3-9131D6DE1CB3}.Debug|x64.Build.0 = Debug|Any CPU
		{C0073526-86CC-47C8-94C3-9131D6DE1CB3}.Debug|x86.ActiveCfg = Debug|Any CPU
		{C0073526-86CC-47C8-94C3-9131D6DE1CB3}.Debug|x86.Build.0 = Debug|Any CPU
		{C0073526-86CC-47C8-94C3-9131D6DE1CB3}.Release|Any CPU.ActiveCfg = Release|Any CPU
		{C0073526-86CC-47C8-94C3-9131D6DE1CB3}.Release|Any CPU.Build.0 = Release|Any CPU
		{C0073526-86CC-47C8-94C3-9131D6DE1CB3}.Release|x64.ActiveCfg = Release|Any CPU
		{C0073526-86CC-47C8-94C3-9131D6DE1CB3}.Release|x64.Build.0 = Release|Any CPU
		{C0073526-86CC-47C8-94C3-9131D6DE1CB3}.Release|x86.ActiveCfg = Release|Any CPU
		{C0073526-86CC-47C8-94C3-9131D6DE1CB3}.Release|x86.Build.0 = Release|Any CPU
		{0EF184E6-50D9-4757-841B-2A054AF5709E}.Debug|Any CPU.ActiveCfg = Debug|Any CPU
		{0EF184E6-50D9-4757-841B-2A054AF5709E}.Debug|Any CPU.Build.0 = Debug|Any CPU
		{0EF184E6-50D9-4757-841B-2A054AF5709E}.Debug|x64.ActiveCfg = Debug|Any CPU
		{0EF184E6-50D9-4757-841B-2A054AF5709E}.Debug|x64.Build.0 = Debug|Any CPU
		{0EF184E6-50D9-4757-841B-2A054AF5709E}.Debug|x86.ActiveCfg = Debug|Any CPU
		{0EF184E6-50D9-4757-841B-2A054AF5709E}.Debug|x86.Build.0 = Debug|Any CPU
		{0EF184E6-50D9-4757-841B-2A054AF5709E}.Release|Any CPU.ActiveCfg = Release|Any CPU
		{0EF184E6-50D9-4757-841B-2A054AF5709E}.Release|Any CPU.Build.0 = Release|Any CPU
		{0EF184E6-50D9-4757-841B-2A054AF5709E}.Release|x64.ActiveCfg = Release|Any CPU
		{0EF184E6-50D9-4757-841B-2A054AF5709E}.Release|x64.Build.0 = Release|Any CPU
		{0EF184E6-50D9-4757-841B-2A054AF5709E}.Release|x86.ActiveCfg = Release|Any CPU
		{0EF184E6-50D9-4757-841B-2A054AF5709E}.Release|x86.Build.0 = Release|Any CPU
		{D7638979-E5CE-468F-8BB8-61C7739BC308}.Debug|Any CPU.ActiveCfg = Debug|Any CPU
		{D7638979-E5CE-468F-8BB8-61C7739BC308}.Debug|Any CPU.Build.0 = Debug|Any CPU
		{D7638979-E5CE-468F-8BB8-61C7739BC308}.Debug|x64.ActiveCfg = Debug|Any CPU
		{D7638979-E5CE-468F-8BB8-61C7739BC308}.Debug|x64.Build.0 = Debug|Any CPU
		{D7638979-E5CE-468F-8BB8-61C7739BC308}.Debug|x86.ActiveCfg = Debug|Any CPU
		{D7638979-E5CE-468F-8BB8-61C7739BC308}.Debug|x86.Build.0 = Debug|Any CPU
		{D7638979-E5CE-468F-8BB8-61C7739BC308}.Release|Any CPU.ActiveCfg = Release|Any CPU
		{D7638979-E5CE-468F-8BB8-61C7739BC308}.Release|Any CPU.Build.0 = Release|Any CPU
		{D7638979-E5CE-468F-8BB8-61C7739BC308}.Release|x64.ActiveCfg = Release|Any CPU
		{D7638979-E5CE-468F-8BB8-61C7739BC308}.Release|x64.Build.0 = Release|Any CPU
		{D7638979-E5CE-468F-8BB8-61C7739BC308}.Release|x86.ActiveCfg = Release|Any CPU
		{D7638979-E5CE-468F-8BB8-61C7739BC308}.Release|x86.Build.0 = Release|Any CPU
	EndGlobalSection
	GlobalSection(SolutionProperties) = preSolution
		HideSolutionNode = FALSE
	EndGlobalSection
	GlobalSection(ExtensibilityGlobals) = postSolution
		SolutionGuid = {29D47E8B-36F4-49B3-87A5-FC38FBF148C6}
	EndGlobalSection
EndGlobal
