
Microsoft Visual Studio Solution File, Format Version 12.00
# Visual Studio Version 16
VisualStudioVersion = 16.0.30309.148
MinimumVisualStudioVersion = 10.0.40219.1
Project("{FAE04EC0-301F-11D3-BF4B-00C04F79EFBC}") = "Formatting", "Formatting\Formatting.csproj", "{79851E7D-E218-4E75-93DC-340546A61887}"
EndProject
Project("{FAE04EC0-301F-11D3-BF4B-00C04F79EFBC}") = "ConditionalFormatting", "ConditionalFormatting\ConditionalFormatting.csproj", "{477DB01F-0A2A-4EBE-9FF4-1AC96211A384}"
EndProject
Project("{FAE04EC0-301F-11D3-BF4B-00C04F79EFBC}") = "Shapes", "Shapes\Shapes.csproj", "{3542F218-3472-43AF-AE37-8BA57882A414}"
EndProject
Project("{FAE04EC0-301F-11D3-BF4B-00C04F79EFBC}") = "EcmaFormulas", "EcmaFormulas\EcmaFormulas.csproj", "{C588CBE0-2F51-4597-8EB3-D2017846D5AF}"
EndProject
Project("{FAE04EC0-301F-11D3-BF4B-00C04F79EFBC}") = "Charts", "Charts\Charts.csproj", "{49DC4276-FCF4-42BA-9BAC-F80C12EB9F92}"
EndProject
Project("{FAE04EC0-301F-11D3-BF4B-00C04F79EFBC}") = "Comments", "Comments\Comments.csproj", "{C0073526-86CC-47C8-94C3-9131D6DE1CB3}"
EndProject
Project("{FAE04EC0-301F-11D3-BF4B-00C04F79EFBC}") = "Sparklines", "Sparklines\Sparklines.csproj", "{0EF184E6-50D9-4757-841B-2A054AF5709E}"
EndProject
Project("{FAE04EC0-301F-11D3-BF4B-00C04F79EFBC}") = "Filter", "Filter\Filter.csproj", "{D7638979-E5CE-468F-8BB8-61C7739BC308}"
EndProject
Project("{FAE04EC0-301F-11D3-BF4B-00C04F79EFBC}") = "FormControls", "FormControls\FormControls.csproj", "{F97E3622-25D2-4EF4-A78C-317DCB5DA0D4}"
EndProject
Project("{FAE04EC0-301F-11D3-BF4B-00C04F79EFBC}") = "Vba", "Vba\Vba.csproj", "{C7B44EDF-890B-4624-A4EF-55BD84A45A4F}"
EndProject
Project("{FAE04EC0-301F-11D3-BF4B-00C04F79EFBC}") = "WorksheetView", "WorksheetView\WorksheetView.csproj", "{06846AA3-77B0-472A-8C71-E7D9D588692B}"
EndProject
Project("{FAE04EC0-301F-11D3-BF4B-00C04F79EFBC}") = "Ole", "Ole\Ole.csproj", "{FA3AC9EF-4D98-49C9-851D-6BFFBC353BC4}"
EndProject
Project("{FAE04EC0-301F-11D3-BF4B-00C04F79EFBC}") = "FreezeSplit", "FreezeSplit\FreezeSplit.csproj", "{2085B97F-14AE-4A0C-821D-C9A0F0027223}"
EndProject
Project("{FAE04EC0-301F-11D3-BF4B-00C04F79EFBC}") = "Pictures", "Pictures\Pictures.csproj", "{E449B342-FAA0-4AC1-90F2-6DC53EF3A6BB}"
EndProject
Project("{FAE04EC0-301F-11D3-BF4B-00C04F79EFBC}") = "GettingStarted", "GettingStarted\GettingStarted.csproj", "{5519564E-DEF7-4891-B31B-C40455C47F05}"
EndProject
Project("{FAE04EC0-301F-11D3-BF4B-00C04F79EFBC}") = "Reading", "Reading\Reading.csproj", "{42F44D7E-AB43-49C6-BCEC-F2F20CDE17F9}"
EndProject
Project("{FAE04EC0-301F-11D3-BF4B-00C04F79EFBC}") = "Writing", "Writing\Writing.csproj", "{F66116D5-E33B-4B3D-8A3A-20B48B426FAA}"
EndProject
Project("{FAE04EC0-301F-11D3-BF4B-00C04F79EFBC}") = "Preservation", "Preservation\Preservation.csproj", "{AAE3B673-F26E-433C-AD40-635C1DDC1449}"
EndProject
Project("{FAE04EC0-301F-11D3-BF4B-00C04F79EFBC}") = "CellValues", "CellValues\CellValues.csproj", "{A4DAE30D-57D5-497D-A71A-C93F547C7C0D}"
EndProject
Project("{FAE04EC0-301F-11D3-BF4B-00C04F79EFBC}") = "RangeOperations", "RangeOperations\RangeOperations.csproj", "{9855ACA3-68DF-47DC-BD79-368B412877D6}"
EndProject
Project("{FAE04EC0-301F-11D3-BF4B-00C04F79EFBC}") = "RowColumnOperations", "RowColumnOperations\RowColumnOperations.csproj", "{EEDBCEF8-F45C-4452-8751-06EB1E57AA97}"
EndProject
Project("{FAE04EC0-301F-11D3-BF4B-00C04F79EFBC}") = "WorksheetManagement", "WorksheetManagement\WorksheetManagement.csproj", "{76190EF7-A70F-4AB4-8064-AEF30D23079A}"
EndProject
Project("{FAE04EC0-301F-11D3-BF4B-00C04F79EFBC}") = "Tables", "Tables\Tables.csproj", "{E634AD71-BF84-4AE7-9E72-98DECCBEE0E1}"
EndProject
Project("{FAE04EC0-301F-11D3-BF4B-00C04F79EFBC}") = "AutoFilter", "AutoFilter\AutoFilter.csproj", "{F14C4821-5BED-45C4-8569-65E3618C1441}"
EndProject
Project("{FAE04EC0-301F-11D3-BF4B-00C04F79EFBC}") = "Sorting", "Sorting\Sorting.csproj", "{9A765A7B-8C6F-4386-957F-B56A83A2D3F1}"
EndProject
Project("{FAE04EC0-301F-11D3-BF4B-00C04F79EFBC}") = "DataValidation", "DataValidation\DataValidation.csproj", "{2B6D2D06-31E6-486B-B240-5021E557DAAC}"
EndProject
Project("{FAE04EC0-301F-11D3-BF4B-00C04F79EFBC}") = "FindAndReplace", "FindAndReplace\FindAndReplace.csproj", "{51ED3C2B-809D-4D2F-830E-EA7801DCFAF3}"
EndProject
Project("{FAE04EC0-301F-11D3-BF4B-00C04F79EFBC}") = "Hyperlinks", "Hyperlinks\Hyperlinks.csproj", "{EB2AD819-9C6D-4E98-9CA9-4020971D0EF6}"
EndProject
Project("{FAE04EC0-301F-11D3-BF4B-00C04F79EFBC}") = "DefinedNames", "DefinedNames\DefinedNames.csproj", "{65F73FEB-F9BD-4650-A342-2037ABB81F67}"
EndProject
Project("{FAE04EC0-301F-11D3-BF4B-00C04F79EFBC}") = "DataTableImportExport", "DataTableImportExport\DataTableImportExport.csproj", "{0DEF9A57-0F83-4B05-ACC5-A9774153496A}"
EndProject
Project("{FAE04EC0-301F-11D3-BF4B-00C04F79EFBC}") = "CsvImportExport", "CsvImportExport\CsvImportExport.csproj", "{F7053B4B-F3DD-4755-B3EE-CE048FD4794B}"
EndProject
Project("{FAE04EC0-301F-11D3-BF4B-00C04F79EFBC}") = "PivotTables", "PivotTables\PivotTables.csproj", "{716156FC-15E5-4116-9308-DDA599C16F61}"
EndProject
Project("{FAE04EC0-301F-11D3-BF4B-00C04F79EFBC}") = "Slicers", "Slicers\Slicers.csproj", "{EC630552-F5E0-4AC1-A2CC-DCF6D050E0C4}"
EndProject
Project("{FAE04EC0-301F-11D3-BF4B-00C04F79EFBC}") = "JsonImportExport", "JsonImportExport\JsonImportExport.csproj", "{D4026188-3B11-4B9A-A1FD-49BAD8267AF6}"
EndProject
Project("{FAE04EC0-301F-11D3-BF4B-00C04F79EFBC}") = "MarkdownExport", "MarkdownExport\MarkdownExport.csproj", "{C12926D1-4610-4432-ABC4-7D388EA8D650}"
EndProject
Project("{FAE04EC0-301F-11D3-BF4B-00C04F79EFBC}") = "StylesAndThemes", "StylesAndThemes\StylesAndThemes.csproj", "{768B3F0B-7328-475A-ABCE-91F85E1BE070}"
EndProject
Project("{FAE04EC0-301F-11D3-BF4B-00C04F79EFBC}") = "RichText", "RichText\RichText.csproj", "{459120A1-4C55-44B2-BAB1-8C29DFB89466}"
EndProject
Project("{FAE04EC0-301F-11D3-BF4B-00C04F79EFBC}") = "PageSetup", "PageSetup\PageSetup.csproj", "{5E5E93A3-5CAB-4DFA-94DD-01FF3984892C}"
EndProject
Project("{FAE04EC0-301F-11D3-BF4B-00C04F79EFBC}") = "HeadersAndFooters", "HeadersAndFooters\HeadersAndFooters.csproj", "{C7F7A260-2F39-4D40-B7D7-E7C98CE13E64}"
EndProject
Project("{FAE04EC0-301F-11D3-BF4B-00C04F79EFBC}") = "RightToLeftText", "RightToLeftText\RightToLeftText.csproj", "{A3F314D4-BF10-4E02-ABF1-4ECB6C9162DA}"
EndProject
Project("{FAE04EC0-301F-11D3-BF4B-00C04F79EFBC}") = "UnitConversion", "UnitConversion\UnitConversion.csproj", "{3368009B-845B-4B6E-9887-9CBC22EA6DC9}"
EndProject
Project("{FAE04EC0-301F-11D3-BF4B-00C04F79EFBC}") = "ChartTypes", "ChartTypes\ChartTypes.csproj", "{C8C3A596-8D66-4F36-95B1-64ECF2E8C08F}"
EndProject
Project("{FAE04EC0-301F-11D3-BF4B-00C04F79EFBC}") = "ChartFormatting", "ChartFormatting\ChartFormatting.csproj", "{4F37510C-F1E4-4606-9BE2-BA58B5A5D255}"
EndProject
Project("{FAE04EC0-301F-11D3-BF4B-00C04F79EFBC}") = "ChartSheets", "ChartSheets\ChartSheets.csproj", "{973F3A4D-CC99-41AA-A6AB-C42D188496A2}"
EndProject
Project("{FAE04EC0-301F-11D3-BF4B-00C04F79EFBC}") = "ShapeAnchoring", "ShapeAnchoring\ShapeAnchoring.csproj", "{68C4C244-027E-49D3-ABC3-D1694DF88D62}"
EndProject
Project("{FAE04EC0-301F-11D3-BF4B-00C04F79EFBC}") = "DocumentProperties", "DocumentProperties\DocumentProperties.csproj", "{82E7EA6F-EF03-4D95-AFF8-8CCAECFDB74A}"
EndProject
Project("{FAE04EC0-301F-11D3-BF4B-00C04F79EFBC}") = "WorkbookProtection", "WorkbookProtection\WorkbookProtection.csproj", "{3D29C6F9-8736-44A0-9DB7-EAC62C6FAEA6}"
EndProject
Project("{FAE04EC0-301F-11D3-BF4B-00C04F79EFBC}") = "WorksheetProtection", "WorksheetProtection\WorksheetProtection.csproj", "{BB3A7C26-B932-4FE6-B18E-13A29432327D}"
EndProject
Project("{FAE04EC0-301F-11D3-BF4B-00C04F79EFBC}") = "WriteProtection", "WriteProtection\WriteProtection.csproj", "{CA4C9CFD-7FFF-4AB9-97EF-4F088476E07F}"
EndProject
Project("{FAE04EC0-301F-11D3-BF4B-00C04F79EFBC}") = "Encryption", "Encryption\Encryption.csproj", "{03772465-BF3A-4830-B210-FA4C3263C358}"
EndProject
Project("{FAE04EC0-301F-11D3-BF4B-00C04F79EFBC}") = "DigitalSignature", "DigitalSignature\DigitalSignature.csproj", "{41186F80-252E-4821-A123-D0054E676C53}"
EndProject
Project("{FAE04EC0-301F-11D3-BF4B-00C04F79EFBC}") = "CustomXml", "CustomXml\CustomXml.csproj", "{E133B193-6B87-4DF0-A476-3B0469418187}"
EndProject
Project("{FAE04EC0-301F-11D3-BF4B-00C04F79EFBC}") = "PdfExport", "PdfExport\PdfExport.csproj", "{45EFCC75-CE98-482B-9A39-B01E93B88CB6}"
EndProject
Project("{FAE04EC0-301F-11D3-BF4B-00C04F79EFBC}") = "ProgressAndCancellation", "ProgressAndCancellation\ProgressAndCancellation.csproj", "{4D417574-40C8-492B-A5B1-06EA2EEEFECA}"
EndProject
Project("{FAE04EC0-301F-11D3-BF4B-00C04F79EFBC}") = "HtmlImportExport", "HtmlImportExport\HtmlImportExport.csproj", "{FF7E9B71-813C-4AAD-887E-31E52766EAF8}"
EndProject
Project("{FAE04EC0-301F-11D3-BF4B-00C04F79EFBC}") = "ImageExport", "ImageExport\ImageExport.csproj", "{00D24BCC-1949-45ED-99BD-0515D199CDCE}"
EndProject
Project("{FAE04EC0-301F-11D3-BF4B-00C04F79EFBC}") = "ThreadedComments", "ThreadedComments\ThreadedComments.csproj", "{C5C2492D-B666-4CFD-BAB0-9FF71842083B}"
EndProject
Project("{FAE04EC0-301F-11D3-BF4B-00C04F79EFBC}") = "Scenarios", "Scenarios\Scenarios.csproj", "{27FFF113-30CF-4920-A244-4BED1D0E2EB3}"
EndProject
Global
	GlobalSection(SolutionConfigurationPlatforms) = preSolution
		Debug|Any CPU = Debug|Any CPU
		Debug|x64 = Debug|x64
		Debug|x86 = Debug|x86
		Release|Any CPU = Release|Any CPU
		Release|x64 = Release|x64
		Release|x86 = Release|x86
	EndGlobalSection
	GlobalSection(ProjectConfigurationPlatforms) = postSolution
		{79851E7D-E218-4E75-93DC-340546A61887}.Debug|Any CPU.ActiveCfg = Debug|Any CPU
		{79851E7D-E218-4E75-93DC-340546A61887}.Debug|Any CPU.Build.0 = Debug|Any CPU
		{79851E7D-E218-4E75-93DC-340546A61887}.Debug|x64.ActiveCfg = Debug|Any CPU
		{79851E7D-E218-4E75-93DC-340546A61887}.Debug|x64.Build.0 = Debug|Any CPU
		{79851E7D-E218-4E75-93DC-340546A61887}.Debug|x86.ActiveCfg = Debug|Any CPU
		{79851E7D-E218-4E75-93DC-340546A61887}.Debug|x86.Build.0 = Debug|Any CPU
		{79851E7D-E218-4E75-93DC-340546A61887}.Release|Any CPU.ActiveCfg = Release|Any CPU
		{79851E7D-E218-4E75-93DC-340546A61887}.Release|Any CPU.Build.0 = Release|Any CPU
		{79851E7D-E218-4E75-93DC-340546A61887}.Release|x64.ActiveCfg = Release|Any CPU
		{79851E7D-E218-4E75-93DC-340546A61887}.Release|x64.Build.0 = Release|Any CPU
		{79851E7D-E218-4E75-93DC-340546A61887}.Release|x86.ActiveCfg = Release|Any CPU
		{79851E7D-E218-4E75-93DC-340546A61887}.Release|x86.Build.0 = Release|Any CPU
		{477DB01F-0A2A-4EBE-9FF4-1AC96211A384}.Debug|Any CPU.ActiveCfg = Debug|Any CPU
		{477DB01F-0A2A-4EBE-9FF4-1AC96211A384}.Debug|Any CPU.Build.0 = Debug|Any CPU
		{477DB01F-0A2A-4EBE-9FF4-1AC96211A384}.Debug|x64.ActiveCfg = Debug|Any CPU
		{477DB01F-0A2A-4EBE-9FF4-1AC96211A384}.Debug|x64.Build.0 = Debug|Any CPU
		{477DB01F-0A2A-4EBE-9FF4-1AC96211A384}.Debug|x86.ActiveCfg = Debug|Any CPU
		{477DB01F-0A2A-4EBE-9FF4-1AC96211A384}.Debug|x86.Build.0 = Debug|Any CPU
		{477DB01F-0A2A-4EBE-9FF4-1AC96211A384}.Release|Any CPU.ActiveCfg = Release|Any CPU
		{477DB01F-0A2A-4EBE-9FF4-1AC96211A384}.Release|Any CPU.Build.0 = Release|Any CPU
		{477DB01F-0A2A-4EBE-9FF4-1AC96211A384}.Release|x64.ActiveCfg = Release|Any CPU
		{477DB01F-0A2A-4EBE-9FF4-1AC96211A384}.Release|x64.Build.0 = Release|Any CPU
		{477DB01F-0A2A-4EBE-9FF4-1AC96211A384}.Release|x86.ActiveCfg = Release|Any CPU
		{477DB01F-0A2A-4EBE-9FF4-1AC96211A384}.Release|x86.Build.0 = Release|Any CPU
		{3542F218-3472-43AF-AE37-8BA57882A414}.Debug|Any CPU.ActiveCfg = Debug|Any CPU
		{3542F218-3472-43AF-AE37-8BA57882A414}.Debug|Any CPU.Build.0 = Debug|Any CPU
		{3542F218-3472-43AF-AE37-8BA57882A414}.Debug|x64.ActiveCfg = Debug|Any CPU
		{3542F218-3472-43AF-AE37-8BA57882A414}.Debug|x64.Build.0 = Debug|Any CPU
		{3542F218-3472-43AF-AE37-8BA57882A414}.Debug|x86.ActiveCfg = Debug|Any CPU
		{3542F218-3472-43AF-AE37-8BA57882A414}.Debug|x86.Build.0 = Debug|Any CPU
		{3542F218-3472-43AF-AE37-8BA57882A414}.Release|Any CPU.ActiveCfg = Release|Any CPU
		{3542F218-3472-43AF-AE37-8BA57882A414}.Release|Any CPU.Build.0 = Release|Any CPU
		{3542F218-3472-43AF-AE37-8BA57882A414}.Release|x64.ActiveCfg = Release|Any CPU
		{3542F218-3472-43AF-AE37-8BA57882A414}.Release|x64.Build.0 = Release|Any CPU
		{3542F218-3472-43AF-AE37-8BA57882A414}.Release|x86.ActiveCfg = Release|Any CPU
		{3542F218-3472-43AF-AE37-8BA57882A414}.Release|x86.Build.0 = Release|Any CPU
		{C588CBE0-2F51-4597-8EB3-D2017846D5AF}.Debug|Any CPU.ActiveCfg = Debug|Any CPU
		{C588CBE0-2F51-4597-8EB3-D2017846D5AF}.Debug|Any CPU.Build.0 = Debug|Any CPU
		{C588CBE0-2F51-4597-8EB3-D2017846D5AF}.Debug|x64.ActiveCfg = Debug|Any CPU
		{C588CBE0-2F51-4597-8EB3-D2017846D5AF}.Debug|x64.Build.0 = Debug|Any CPU
		{C588CBE0-2F51-4597-8EB3-D2017846D5AF}.Debug|x86.ActiveCfg = Debug|Any CPU
		{C588CBE0-2F51-4597-8EB3-D2017846D5AF}.Debug|x86.Build.0 = Debug|Any CPU
		{C588CBE0-2F51-4597-8EB3-D2017846D5AF}.Release|Any CPU.ActiveCfg = Release|Any CPU
		{C588CBE0-2F51-4597-8EB3-D2017846D5AF}.Release|Any CPU.Build.0 = Release|Any CPU
		{C588CBE0-2F51-4597-8EB3-D2017846D5AF}.Release|x64.ActiveCfg = Release|Any CPU
		{C588CBE0-2F51-4597-8EB3-D2017846D5AF}.Release|x64.Build.0 = Release|Any CPU
		{C588CBE0-2F51-4597-8EB3-D2017846D5AF}.Release|x86.ActiveCfg = Release|Any CPU
		{C588CBE0-2F51-4597-8EB3-D2017846D5AF}.Release|x86.Build.0 = Release|Any CPU
		{49DC4276-FCF4-42BA-9BAC-F80C12EB9F92}.Debug|Any CPU.ActiveCfg = Debug|Any CPU
		{49DC4276-FCF4-42BA-9BAC-F80C12EB9F92}.Debug|Any CPU.Build.0 = Debug|Any CPU
		{49DC4276-FCF4-42BA-9BAC-F80C12EB9F92}.Debug|x64.ActiveCfg = Debug|Any CPU
		{49DC4276-FCF4-42BA-9BAC-F80C12EB9F92}.Debug|x64.Build.0 = Debug|Any CPU
		{49DC4276-FCF4-42BA-9BAC-F80C12EB9F92}.Debug|x86.ActiveCfg = Debug|Any CPU
		{49DC4276-FCF4-42BA-9BAC-F80C12EB9F92}.Debug|x86.Build.0 = Debug|Any CPU
		{49DC4276-FCF4-42BA-9BAC-F80C12EB9F92}.Release|Any CPU.ActiveCfg = Release|Any CPU
		{49DC4276-FCF4-42BA-9BAC-F80C12EB9F92}.Release|Any CPU.Build.0 = Release|Any CPU
		{49DC4276-FCF4-42BA-9BAC-F80C12EB9F92}.Release|x64.ActiveCfg = Release|Any CPU
		{49DC4276-FCF4-42BA-9BAC-F80C12EB9F92}.Release|x64.Build.0 = Release|Any CPU
		{49DC4276-FCF4-42BA-9BAC-F80C12EB9F92}.Release|x86.ActiveCfg = Release|Any CPU
		{49DC4276-FCF4-42BA-9BAC-F80C12EB9F92}.Release|x86.Build.0 = Release|Any CPU
		{C0073526-86CC-47C8-94C3-9131D6DE1CB3}.Debug|Any CPU.ActiveCfg = Debug|Any CPU
		{C0073526-86CC-47C8-94C3-9131D6DE1CB3}.Debug|Any CPU.Build.0 = Debug|Any CPU
		{C0073526-86CC-47C8-94C3-9131D6DE1CB3}.Debug|x64.ActiveCfg = Debug|Any CPU
		{C0073526-86CC-47C8-94C3-9131D6DE1CB3}.Debug|x64.Build.0 = Debug|Any CPU
		{C0073526-86CC-47C8-94C3-9131D6DE1CB3}.Debug|x86.ActiveCfg = Debug|Any CPU
		{C0073526-86CC-47C8-94C3-9131D6DE1CB3}.Debug|x86.Build.0 = Debug|Any CPU
		{C0073526-86CC-47C8-94C3-9131D6DE1CB3}.Release|Any CPU.ActiveCfg = Release|Any CPU
		{C0073526-86CC-47C8-94C3-9131D6DE1CB3}.Release|Any CPU.Build.0 = Release|Any CPU
		{C0073526-86CC-47C8-94C3-9131D6DE1CB3}.Release|x64.ActiveCfg = Release|Any CPU
		{C0073526-86CC-47C8-94C3-9131D6DE1CB3}.Release|x64.Build.0 = Release|Any CPU
		{C0073526-86CC-47C8-94C3-9131D6DE1CB3}.Release|x86.ActiveCfg = Release|Any CPU
		{C0073526-86CC-47C8-94C3-9131D6DE1CB3}.Release|x86.Build.0 = Release|Any CPU
		{0EF184E6-50D9-4757-841B-2A054AF5709E}.Debug|Any CPU.ActiveCfg = Debug|Any CPU
		{0EF184E6-50D9-4757-841B-2A054AF5709E}.Debug|Any CPU.Build.0 = Debug|Any CPU
		{0EF184E6-50D9-4757-841B-2A054AF5709E}.Debug|x64.ActiveCfg = Debug|Any CPU
		{0EF184E6-50D9-4757-841B-2A054AF5709E}.Debug|x64.Build.0 = Debug|Any CPU
		{0EF184E6-50D9-4757-841B-2A054AF5709E}.Debug|x86.ActiveCfg = Debug|Any CPU
		{0EF184E6-50D9-4757-841B-2A054AF5709E}.Debug|x86.Build.0 = Debug|Any CPU
		{0EF184E6-50D9-4757-841B-2A054AF5709E}.Release|Any CPU.ActiveCfg = Release|Any CPU
		{0EF184E6-50D9-4757-841B-2A054AF5709E}.Release|Any CPU.Build.0 = Release|Any CPU
		{0EF184E6-50D9-4757-841B-2A054AF5709E}.Release|x64.ActiveCfg = Release|Any CPU
		{0EF184E6-50D9-4757-841B-2A054AF5709E}.Release|x64.Build.0 = Release|Any CPU
		{0EF184E6-50D9-4757-841B-2A054AF5709E}.Release|x86.ActiveCfg = Release|Any CPU
		{0EF184E6-50D9-4757-841B-2A054AF5709E}.Release|x86.Build.0 = Release|Any CPU
		{D7638979-E5CE-468F-8BB8-61C7739BC308}.Debug|Any CPU.ActiveCfg = Debug|Any CPU
		{D7638979-E5CE-468F-8BB8-61C7739BC308}.Debug|Any CPU.Build.0 = Debug|Any CPU
		{D7638979-E5CE-468F-8BB8-61C7739BC308}.Debug|x64.ActiveCfg = Debug|Any CPU
		{D7638979-E5CE-468F-8BB8-61C7739BC308}.Debug|x64.Build.0 = Debug|Any CPU
		{D7638979-E5CE-468F-8BB8-61C7739BC308}.Debug|x86.ActiveCfg = Debug|Any CPU
		{D7638979-E5CE-468F-8BB8-61C7739BC308}.Debug|x86.Build.0 = Debug|Any CPU
		{D7638979-E5CE-468F-8BB8-61C7739BC308}.Release|Any CPU.ActiveCfg = Release|Any CPU
		{D7638979-E5CE-468F-8BB8-61C7739BC308}.Release|Any CPU.Build.0 = Release|Any CPU
		{D7638979-E5CE-468F-8BB8-61C7739BC308}.Release|x64.ActiveCfg = Release|Any CPU
		{D7638979-E5CE-468F-8BB8-61C7739BC308}.Release|x64.Build.0 = Release|Any CPU
		{D7638979-E5CE-468F-8BB8-61C7739BC308}.Release|x86.ActiveCfg = Release|Any CPU
		{D7638979-E5CE-468F-8BB8-61C7739BC308}.Release|x86.Build.0 = Release|Any CPU
		{F97E3622-25D2-4EF4-A78C-317DCB5DA0D4}.Debug|Any CPU.ActiveCfg = Debug|Any CPU
		{F97E3622-25D2-4EF4-A78C-317DCB5DA0D4}.Debug|Any CPU.Build.0 = Debug|Any CPU
		{F97E3622-25D2-4EF4-A78C-317DCB5DA0D4}.Debug|x64.ActiveCfg = Debug|Any CPU
		{F97E3622-25D2-4EF4-A78C-317DCB5DA0D4}.Debug|x64.Build.0 = Debug|Any CPU
		{F97E3622-25D2-4EF4-A78C-317DCB5DA0D4}.Debug|x86.ActiveCfg = Debug|Any CPU
		{F97E3622-25D2-4EF4-A78C-317DCB5DA0D4}.Debug|x86.Build.0 = Debug|Any CPU
		{F97E3622-25D2-4EF4-A78C-317DCB5DA0D4}.Release|Any CPU.ActiveCfg = Release|Any CPU
		{F97E3622-25D2-4EF4-A78C-317DCB5DA0D4}.Release|Any CPU.Build.0 = Release|Any CPU
		{F97E3622-25D2-4EF4-A78C-317DCB5DA0D4}.Release|x64.ActiveCfg = Release|Any CPU
		{F97E3622-25D2-4EF4-A78C-317DCB5DA0D4}.Release|x64.Build.0 = Release|Any CPU
		{F97E3622-25D2-4EF4-A78C-317DCB5DA0D4}.Release|x86.ActiveCfg = Release|Any CPU
		{F97E3622-25D2-4EF4-A78C-317DCB5DA0D4}.Release|x86.Build.0 = Release|Any CPU
		{C7B44EDF-890B-4624-A4EF-55BD84A45A4F}.Debug|Any CPU.ActiveCfg = Debug|Any CPU
		{C7B44EDF-890B-4624-A4EF-55BD84A45A4F}.Debug|Any CPU.Build.0 = Debug|Any CPU
		{C7B44EDF-890B-4624-A4EF-55BD84A45A4F}.Debug|x64.ActiveCfg = Debug|Any CPU
		{C7B44EDF-890B-4624-A4EF-55BD84A45A4F}.Debug|x64.Build.0 = Debug|Any CPU
		{C7B44EDF-890B-4624-A4EF-55BD84A45A4F}.Debug|x86.ActiveCfg = Debug|Any CPU
		{C7B44EDF-890B-4624-A4EF-55BD84A45A4F}.Debug|x86.Build.0 = Debug|Any CPU
		{C7B44EDF-890B-4624-A4EF-55BD84A45A4F}.Release|Any CPU.ActiveCfg = Release|Any CPU
		{C7B44EDF-890B-4624-A4EF-55BD84A45A4F}.Release|Any CPU.Build.0 = Release|Any CPU
		{C7B44EDF-890B-4624-A4EF-55BD84A45A4F}.Release|x64.ActiveCfg = Release|Any CPU
		{C7B44EDF-890B-4624-A4EF-55BD84A45A4F}.Release|x64.Build.0 = Release|Any CPU
		{C7B44EDF-890B-4624-A4EF-55BD84A45A4F}.Release|x86.ActiveCfg = Release|Any CPU
		{C7B44EDF-890B-4624-A4EF-55BD84A45A4F}.Release|x86.Build.0 = Release|Any CPU
		{06846AA3-77B0-472A-8C71-E7D9D588692B}.Debug|Any CPU.ActiveCfg = Debug|Any CPU
		{06846AA3-77B0-472A-8C71-E7D9D588692B}.Debug|Any CPU.Build.0 = Debug|Any CPU
		{06846AA3-77B0-472A-8C71-E7D9D588692B}.Debug|x64.ActiveCfg = Debug|Any CPU
		{06846AA3-77B0-472A-8C71-E7D9D588692B}.Debug|x64.Build.0 = Debug|Any CPU
		{06846AA3-77B0-472A-8C71-E7D9D588692B}.Debug|x86.ActiveCfg = Debug|Any CPU
		{06846AA3-77B0-472A-8C71-E7D9D588692B}.Debug|x86.Build.0 = Debug|Any CPU
		{06846AA3-77B0-472A-8C71-E7D9D588692B}.Release|Any CPU.ActiveCfg = Release|Any CPU
		{06846AA3-77B0-472A-8C71-E7D9D588692B}.Release|Any CPU.Build.0 = Release|Any CPU
		{06846AA3-77B0-472A-8C71-E7D9D588692B}.Release|x64.ActiveCfg = Release|Any CPU
		{06846AA3-77B0-472A-8C71-E7D9D588692B}.Release|x64.Build.0 = Release|Any CPU
		{06846AA3-77B0-472A-8C71-E7D9D588692B}.Release|x86.ActiveCfg = Release|Any CPU
		{06846AA3-77B0-472A-8C71-E7D9D588692B}.Release|x86.Build.0 = Release|Any CPU
		{FA3AC9EF-4D98-49C9-851D-6BFFBC353BC4}.Debug|Any CPU.ActiveCfg = Debug|Any CPU
		{FA3AC9EF-4D98-49C9-851D-6BFFBC353BC4}.Debug|Any CPU.Build.0 = Debug|Any CPU
		{FA3AC9EF-4D98-49C9-851D-6BFFBC353BC4}.Debug|x64.ActiveCfg = Debug|Any CPU
		{FA3AC9EF-4D98-49C9-851D-6BFFBC353BC4}.Debug|x64.Build.0 = Debug|Any CPU
		{FA3AC9EF-4D98-49C9-851D-6BFFBC353BC4}.Debug|x86.ActiveCfg = Debug|Any CPU
		{FA3AC9EF-4D98-49C9-851D-6BFFBC353BC4}.Debug|x86.Build.0 = Debug|Any CPU
		{FA3AC9EF-4D98-49C9-851D-6BFFBC353BC4}.Release|Any CPU.ActiveCfg = Release|Any CPU
		{FA3AC9EF-4D98-49C9-851D-6BFFBC353BC4}.Release|Any CPU.Build.0 = Release|Any CPU
		{FA3AC9EF-4D98-49C9-851D-6BFFBC353BC4}.Release|x64.ActiveCfg = Release|Any CPU
		{FA3AC9EF-4D98-49C9-851D-6BFFBC353BC4}.Release|x64.Build.0 = Release|Any CPU
		{FA3AC9EF-4D98-49C9-851D-6BFFBC353BC4}.Release|x86.ActiveCfg = Release|Any CPU
		{FA3AC9EF-4D98-49C9-851D-6BFFBC353BC4}.Release|x86.Build.0 = Release|Any CPU
		{2085B97F-14AE-4A0C-821D-C9A0F0027223}.Debug|Any CPU.ActiveCfg = Debug|Any CPU
		{2085B97F-14AE-4A0C-821D-C9A0F0027223}.Debug|Any CPU.Build.0 = Debug|Any CPU
		{2085B97F-14AE-4A0C-821D-C9A0F0027223}.Debug|x64.ActiveCfg = Debug|Any CPU
		{2085B97F-14AE-4A0C-821D-C9A0F0027223}.Debug|x64.Build.0 = Debug|Any CPU
		{2085B97F-14AE-4A0C-821D-C9A0F0027223}.Debug|x86.ActiveCfg = Debug|Any CPU
		{2085B97F-14AE-4A0C-821D-C9A0F0027223}.Debug|x86.Build.0 = Debug|Any CPU
		{2085B97F-14AE-4A0C-821D-C9A0F0027223}.Release|Any CPU.ActiveCfg = Release|Any CPU
		{2085B97F-14AE-4A0C-821D-C9A0F0027223}.Release|Any CPU.Build.0 = Release|Any CPU
		{2085B97F-14AE-4A0C-821D-C9A0F0027223}.Release|x64.ActiveCfg = Release|Any CPU
		{2085B97F-14AE-4A0C-821D-C9A0F0027223}.Release|x64.Build.0 = Release|Any CPU
		{2085B97F-14AE-4A0C-821D-C9A0F0027223}.Release|x86.ActiveCfg = Release|Any CPU
		{2085B97F-14AE-4A0C-821D-C9A0F0027223}.Release|x86.Build.0 = Release|Any CPU
		{E449B342-FAA0-4AC1-90F2-6DC53EF3A6BB}.Debug|Any CPU.ActiveCfg = Debug|Any CPU
		{E449B342-FAA0-4AC1-90F2-6DC53EF3A6BB}.Debug|Any CPU.Build.0 = Debug|Any CPU
		{E449B342-FAA0-4AC1-90F2-6DC53EF3A6BB}.Debug|x64.ActiveCfg = Debug|Any CPU
		{E449B342-FAA0-4AC1-90F2-6DC53EF3A6BB}.Debug|x64.Build.0 = Debug|Any CPU
		{E449B342-FAA0-4AC1-90F2-6DC53EF3A6BB}.Debug|x86.ActiveCfg = Debug|Any CPU
		{E449B342-FAA0-4AC1-90F2-6DC53EF3A6BB}.Debug|x86.Build.0 = Debug|Any CPU
		{E449B342-FAA0-4AC1-90F2-6DC53EF3A6BB}.Release|Any CPU.ActiveCfg = Release|Any CPU
		{E449B342-FAA0-4AC1-90F2-6DC53EF3A6BB}.Release|Any CPU.Build.0 = Release|Any CPU
		{E449B342-FAA0-4AC1-90F2-6DC53EF3A6BB}.Release|x64.ActiveCfg = Release|Any CPU
		{E449B342-FAA0-4AC1-90F2-6DC53EF3A6BB}.Release|x64.Build.0 = Release|Any CPU
		{E449B342-FAA0-4AC1-90F2-6DC53EF3A6BB}.Release|x86.ActiveCfg = Release|Any CPU
		{E449B342-FAA0-4AC1-90F2-6DC53EF3A6BB}.Release|x86.Build.0 = Release|Any CPU
		{5519564E-DEF7-4891-B31B-C40455C47F05}.Debug|Any CPU.ActiveCfg = Debug|Any CPU
		{5519564E-DEF7-4891-B31B-C40455C47F05}.Debug|Any CPU.Build.0 = Debug|Any CPU
		{5519564E-DEF7-4891-B31B-C40455C47F05}.Debug|x64.ActiveCfg = Debug|Any CPU
		{5519564E-DEF7-4891-B31B-C40455C47F05}.Debug|x64.Build.0 = Debug|Any CPU
		{5519564E-DEF7-4891-B31B-C40455C47F05}.Debug|x86.ActiveCfg = Debug|Any CPU
		{5519564E-DEF7-4891-B31B-C40455C47F05}.Debug|x86.Build.0 = Debug|Any CPU
		{5519564E-DEF7-4891-B31B-C40455C47F05}.Release|Any CPU.ActiveCfg = Release|Any CPU
		{5519564E-DEF7-4891-B31B-C40455C47F05}.Release|Any CPU.Build.0 = Release|Any CPU
		{5519564E-DEF7-4891-B31B-C40455C47F05}.Release|x64.ActiveCfg = Release|Any CPU
		{5519564E-DEF7-4891-B31B-C40455C47F05}.Release|x64.Build.0 = Release|Any CPU
		{5519564E-DEF7-4891-B31B-C40455C47F05}.Release|x86.ActiveCfg = Release|Any CPU
		{5519564E-DEF7-4891-B31B-C40455C47F05}.Release|x86.Build.0 = Release|Any CPU
		{42F44D7E-AB43-49C6-BCEC-F2F20CDE17F9}.Debug|Any CPU.ActiveCfg = Debug|Any CPU
		{42F44D7E-AB43-49C6-BCEC-F2F20CDE17F9}.Debug|Any CPU.Build.0 = Debug|Any CPU
		{42F44D7E-AB43-49C6-BCEC-F2F20CDE17F9}.Debug|x64.ActiveCfg = Debug|Any CPU
		{42F44D7E-AB43-49C6-BCEC-F2F20CDE17F9}.Debug|x64.Build.0 = Debug|Any CPU
		{42F44D7E-AB43-49C6-BCEC-F2F20CDE17F9}.Debug|x86.ActiveCfg = Debug|Any CPU
		{42F44D7E-AB43-49C6-BCEC-F2F20CDE17F9}.Debug|x86.Build.0 = Debug|Any CPU
		{42F44D7E-AB43-49C6-BCEC-F2F20CDE17F9}.Release|Any CPU.ActiveCfg = Release|Any CPU
		{42F44D7E-AB43-49C6-BCEC-F2F20CDE17F9}.Release|Any CPU.Build.0 = Release|Any CPU
		{42F44D7E-AB43-49C6-BCEC-F2F20CDE17F9}.Release|x64.ActiveCfg = Release|Any CPU
		{42F44D7E-AB43-49C6-BCEC-F2F20CDE17F9}.Release|x64.Build.0 = Release|Any CPU
		{42F44D7E-AB43-49C6-BCEC-F2F20CDE17F9}.Release|x86.ActiveCfg = Release|Any CPU
		{42F44D7E-AB43-49C6-BCEC-F2F20CDE17F9}.Release|x86.Build.0 = Release|Any CPU
		{F66116D5-E33B-4B3D-8A3A-20B48B426FAA}.Debug|Any CPU.ActiveCfg = Debug|Any CPU
		{F66116D5-E33B-4B3D-8A3A-20B48B426FAA}.Debug|Any CPU.Build.0 = Debug|Any CPU
		{F66116D5-E33B-4B3D-8A3A-20B48B426FAA}.Debug|x64.ActiveCfg = Debug|Any CPU
		{F66116D5-E33B-4B3D-8A3A-20B48B426FAA}.Debug|x64.Build.0 = Debug|Any CPU
		{F66116D5-E33B-4B3D-8A3A-20B48B426FAA}.Debug|x86.ActiveCfg = Debug|Any CPU
		{F66116D5-E33B-4B3D-8A3A-20B48B426FAA}.Debug|x86.Build.0 = Debug|Any CPU
		{F66116D5-E33B-4B3D-8A3A-20B48B426FAA}.Release|Any CPU.ActiveCfg = Release|Any CPU
		{F66116D5-E33B-4B3D-8A3A-20B48B426FAA}.Release|Any CPU.Build.0 = Release|Any CPU
		{F66116D5-E33B-4B3D-8A3A-20B48B426FAA}.Release|x64.ActiveCfg = Release|Any CPU
		{F66116D5-E33B-4B3D-8A3A-20B48B426FAA}.Release|x64.Build.0 = Release|Any CPU
		{F66116D5-E33B-4B3D-8A3A-20B48B426FAA}.Release|x86.ActiveCfg = Release|Any CPU
		{F66116D5-E33B-4B3D-8A3A-20B48B426FAA}.Release|x86.Build.0 = Release|Any CPU
		{AAE3B673-F26E-433C-AD40-635C1DDC1449}.Debug|Any CPU.ActiveCfg = Debug|Any CPU
		{AAE3B673-F26E-433C-AD40-635C1DDC1449}.Debug|Any CPU.Build.0 = Debug|Any CPU
		{AAE3B673-F26E-433C-AD40-635C1DDC1449}.Debug|x64.ActiveCfg = Debug|Any CPU
		{AAE3B673-F26E-433C-AD40-635C1DDC1449}.Debug|x64.Build.0 = Debug|Any CPU
		{AAE3B673-F26E-433C-AD40-635C1DDC1449}.Debug|x86.ActiveCfg = Debug|Any CPU
		{AAE3B673-F26E-433C-AD40-635C1DDC1449}.Debug|x86.Build.0 = Debug|Any CPU
		{AAE3B673-F26E-433C-AD40-635C1DDC1449}.Release|Any CPU.ActiveCfg = Release|Any CPU
		{AAE3B673-F26E-433C-AD40-635C1DDC1449}.Release|Any CPU.Build.0 = Release|Any CPU
		{AAE3B673-F26E-433C-AD40-635C1DDC1449}.Release|x64.ActiveCfg = Release|Any CPU
		{AAE3B673-F26E-433C-AD40-635C1DDC1449}.Release|x64.Build.0 = Release|Any CPU
		{AAE3B673-F26E-433C-AD40-635C1DDC1449}.Release|x86.ActiveCfg = Release|Any CPU
		{AAE3B673-F26E-433C-AD40-635C1DDC1449}.Release|x86.Build.0 = Release|Any CPU
		{A4DAE30D-57D5-497D-A71A-C93F547C7C0D}.Debug|Any CPU.ActiveCfg = Debug|Any CPU
		{A4DAE30D-57D5-497D-A71A-C93F547C7C0D}.Debug|Any CPU.Build.0 = Debug|Any CPU
		{A4DAE30D-57D5-497D-A71A-C93F547C7C0D}.Debug|x64.ActiveCfg = Debug|Any CPU
		{A4DAE30D-57D5-497D-A71A-C93F547C7C0D}.Debug|x64.Build.0 = Debug|Any CPU
		{A4DAE30D-57D5-497D-A71A-C93F547C7C0D}.Debug|x86.ActiveCfg = Debug|Any CPU
		{A4DAE30D-57D5-497D-A71A-C93F547C7C0D}.Debug|x86.Build.0 = Debug|Any CPU
		{A4DAE30D-57D5-497D-A71A-C93F547C7C0D}.Release|Any CPU.ActiveCfg = Release|Any CPU
		{A4DAE30D-57D5-497D-A71A-C93F547C7C0D}.Release|Any CPU.Build.0 = Release|Any CPU
		{A4DAE30D-57D5-497D-A71A-C93F547C7C0D}.Release|x64.ActiveCfg = Release|Any CPU
		{A4DAE30D-57D5-497D-A71A-C93F547C7C0D}.Release|x64.Build.0 = Release|Any CPU
		{A4DAE30D-57D5-497D-A71A-C93F547C7C0D}.Release|x86.ActiveCfg = Release|Any CPU
		{A4DAE30D-57D5-497D-A71A-C93F547C7C0D}.Release|x86.Build.0 = Release|Any CPU
		{9855ACA3-68DF-47DC-BD79-368B412877D6}.Debug|Any CPU.ActiveCfg = Debug|Any CPU
		{9855ACA3-68DF-47DC-BD79-368B412877D6}.Debug|Any CPU.Build.0 = Debug|Any CPU
		{9855ACA3-68DF-47DC-BD79-368B412877D6}.Debug|x64.ActiveCfg = Debug|Any CPU
		{9855ACA3-68DF-47DC-BD79-368B412877D6}.Debug|x64.Build.0 = Debug|Any CPU
		{9855ACA3-68DF-47DC-BD79-368B412877D6}.Debug|x86.ActiveCfg = Debug|Any CPU
		{9855ACA3-68DF-47DC-BD79-368B412877D6}.Debug|x86.Build.0 = Debug|Any CPU
		{9855ACA3-68DF-47DC-BD79-368B412877D6}.Release|Any CPU.ActiveCfg = Release|Any CPU
		{9855ACA3-68DF-47DC-BD79-368B412877D6}.Release|Any CPU.Build.0 = Release|Any CPU
		{9855ACA3-68DF-47DC-BD79-368B412877D6}.Release|x64.ActiveCfg = Release|Any CPU
		{9855ACA3-68DF-47DC-BD79-368B412877D6}.Release|x64.Build.0 = Release|Any CPU
		{9855ACA3-68DF-47DC-BD79-368B412877D6}.Release|x86.ActiveCfg = Release|Any CPU
		{9855ACA3-68DF-47DC-BD79-368B412877D6}.Release|x86.Build.0 = Release|Any CPU
		{EEDBCEF8-F45C-4452-8751-06EB1E57AA97}.Debug|Any CPU.ActiveCfg = Debug|Any CPU
		{EEDBCEF8-F45C-4452-8751-06EB1E57AA97}.Debug|Any CPU.Build.0 = Debug|Any CPU
		{EEDBCEF8-F45C-4452-8751-06EB1E57AA97}.Debug|x64.ActiveCfg = Debug|Any CPU
		{EEDBCEF8-F45C-4452-8751-06EB1E57AA97}.Debug|x64.Build.0 = Debug|Any CPU
		{EEDBCEF8-F45C-4452-8751-06EB1E57AA97}.Debug|x86.ActiveCfg = Debug|Any CPU
		{EEDBCEF8-F45C-4452-8751-06EB1E57AA97}.Debug|x86.Build.0 = Debug|Any CPU
		{EEDBCEF8-F45C-4452-8751-06EB1E57AA97}.Release|Any CPU.ActiveCfg = Release|Any CPU
		{EEDBCEF8-F45C-4452-8751-06EB1E57AA97}.Release|Any CPU.Build.0 = Release|Any CPU
		{EEDBCEF8-F45C-4452-8751-06EB1E57AA97}.Release|x64.ActiveCfg = Release|Any CPU
		{EEDBCEF8-F45C-4452-8751-06EB1E57AA97}.Release|x64.Build.0 = Release|Any CPU
		{EEDBCEF8-F45C-4452-8751-06EB1E57AA97}.Release|x86.ActiveCfg = Release|Any CPU
		{EEDBCEF8-F45C-4452-8751-06EB1E57AA97}.Release|x86.Build.0 = Release|Any CPU
		{76190EF7-A70F-4AB4-8064-AEF30D23079A}.Debug|Any CPU.ActiveCfg = Debug|Any CPU
		{76190EF7-A70F-4AB4-8064-AEF30D23079A}.Debug|Any CPU.Build.0 = Debug|Any CPU
		{76190EF7-A70F-4AB4-8064-AEF30D23079A}.Debug|x64.ActiveCfg = Debug|Any CPU
		{76190EF7-A70F-4AB4-8064-AEF30D23079A}.Debug|x64.Build.0 = Debug|Any CPU
		{76190EF7-A70F-4AB4-8064-AEF30D23079A}.Debug|x86.ActiveCfg = Debug|Any CPU
		{76190EF7-A70F-4AB4-8064-AEF30D23079A}.Debug|x86.Build.0 = Debug|Any CPU
		{76190EF7-A70F-4AB4-8064-AEF30D23079A}.Release|Any CPU.ActiveCfg = Release|Any CPU
		{76190EF7-A70F-4AB4-8064-AEF30D23079A}.Release|Any CPU.Build.0 = Release|Any CPU
		{76190EF7-A70F-4AB4-8064-AEF30D23079A}.Release|x64.ActiveCfg = Release|Any CPU
		{76190EF7-A70F-4AB4-8064-AEF30D23079A}.Release|x64.Build.0 = Release|Any CPU
		{76190EF7-A70F-4AB4-8064-AEF30D23079A}.Release|x86.ActiveCfg = Release|Any CPU
		{76190EF7-A70F-4AB4-8064-AEF30D23079A}.Release|x86.Build.0 = Release|Any CPU
		{E634AD71-BF84-4AE7-9E72-98DECCBEE0E1}.Debug|Any CPU.ActiveCfg = Debug|Any CPU
		{E634AD71-BF84-4AE7-9E72-98DECCBEE0E1}.Debug|Any CPU.Build.0 = Debug|Any CPU
		{E634AD71-BF84-4AE7-9E72-98DECCBEE0E1}.Debug|x64.ActiveCfg = Debug|Any CPU
		{E634AD71-BF84-4AE7-9E72-98DECCBEE0E1}.Debug|x64.Build.0 = Debug|Any CPU
		{E634AD71-BF84-4AE7-9E72-98DECCBEE0E1}.Debug|x86.ActiveCfg = Debug|Any CPU
		{E634AD71-BF84-4AE7-9E72-98DECCBEE0E1}.Debug|x86.Build.0 = Debug|Any CPU
		{E634AD71-BF84-4AE7-9E72-98DECCBEE0E1}.Release|Any CPU.ActiveCfg = Release|Any CPU
		{E634AD71-BF84-4AE7-9E72-98DECCBEE0E1}.Release|Any CPU.Build.0 = Release|Any CPU
		{E634AD71-BF84-4AE7-9E72-98DECCBEE0E1}.Release|x64.ActiveCfg = Release|Any CPU
		{E634AD71-BF84-4AE7-9E72-98DECCBEE0E1}.Release|x64.Build.0 = Release|Any CPU
		{E634AD71-BF84-4AE7-9E72-98DECCBEE0E1}.Release|x86.ActiveCfg = Release|Any CPU
		{E634AD71-BF84-4AE7-9E72-98DECCBEE0E1}.Release|x86.Build.0 = Release|Any CPU
		{F14C4821-5BED-45C4-8569-65E3618C1441}.Debug|Any CPU.ActiveCfg = Debug|Any CPU
		{F14C4821-5BED-45C4-8569-65E3618C1441}.Debug|Any CPU.Build.0 = Debug|Any CPU
		{F14C4821-5BED-45C4-8569-65E3618C1441}.Debug|x64.ActiveCfg = Debug|Any CPU
		{F14C4821-5BED-45C4-8569-65E3618C1441}.Debug|x64.Build.0 = Debug|Any CPU
		{F14C4821-5BED-45C4-8569-65E3618C1441}.Debug|x86.ActiveCfg = Debug|Any CPU
		{F14C4821-5BED-45C4-8569-65E3618C1441}.Debug|x86.Build.0 = Debug|Any CPU
		{F14C4821-5BED-45C4-8569-65E3618C1441}.Release|Any CPU.ActiveCfg = Release|Any CPU
		{F14C4821-5BED-45C4-8569-65E3618C1441}.Release|Any CPU.Build.0 = Release|Any CPU
		{F14C4821-5BED-45C4-8569-65E3618C1441}.Release|x64.ActiveCfg = Release|Any CPU
		{F14C4821-5BED-45C4-8569-65E3618C1441}.Release|x64.Build.0 = Release|Any CPU
		{F14C4821-5BED-45C4-8569-65E3618C1441}.Release|x86.ActiveCfg = Release|Any CPU
		{F14C4821-5BED-45C4-8569-65E3618C1441}.Release|x86.Build.0 = Release|Any CPU
		{9A765A7B-8C6F-4386-957F-B56A83A2D3F1}.Debug|Any CPU.ActiveCfg = Debug|Any CPU
		{9A765A7B-8C6F-4386-957F-B56A83A2D3F1}.Debug|Any CPU.Build.0 = Debug|Any CPU
		{9A765A7B-8C6F-4386-957F-B56A83A2D3F1}.Debug|x64.ActiveCfg = Debug|Any CPU
		{9A765A7B-8C6F-4386-957F-B56A83A2D3F1}.Debug|x64.Build.0 = Debug|Any CPU
		{9A765A7B-8C6F-4386-957F-B56A83A2D3F1}.Debug|x86.ActiveCfg = Debug|Any CPU
		{9A765A7B-8C6F-4386-957F-B56A83A2D3F1}.Debug|x86.Build.0 = Debug|Any CPU
		{9A765A7B-8C6F-4386-957F-B56A83A2D3F1}.Release|Any CPU.ActiveCfg = Release|Any CPU
		{9A765A7B-8C6F-4386-957F-B56A83A2D3F1}.Release|Any CPU.Build.0 = Release|Any CPU
		{9A765A7B-8C6F-4386-957F-B56A83A2D3F1}.Release|x64.ActiveCfg = Release|Any CPU
		{9A765A7B-8C6F-4386-957F-B56A83A2D3F1}.Release|x64.Build.0 = Release|Any CPU
		{9A765A7B-8C6F-4386-957F-B56A83A2D3F1}.Release|x86.ActiveCfg = Release|Any CPU
		{9A765A7B-8C6F-4386-957F-B56A83A2D3F1}.Release|x86.Build.0 = Release|Any CPU
		{2B6D2D06-31E6-486B-B240-5021E557DAAC}.Debug|Any CPU.ActiveCfg = Debug|Any CPU
		{2B6D2D06-31E6-486B-B240-5021E557DAAC}.Debug|Any CPU.Build.0 = Debug|Any CPU
		{2B6D2D06-31E6-486B-B240-5021E557DAAC}.Debug|x64.ActiveCfg = Debug|Any CPU
		{2B6D2D06-31E6-486B-B240-5021E557DAAC}.Debug|x64.Build.0 = Debug|Any CPU
		{2B6D2D06-31E6-486B-B240-5021E557DAAC}.Debug|x86.ActiveCfg = Debug|Any CPU
		{2B6D2D06-31E6-486B-B240-5021E557DAAC}.Debug|x86.Build.0 = Debug|Any CPU
		{2B6D2D06-31E6-486B-B240-5021E557DAAC}.Release|Any CPU.ActiveCfg = Release|Any CPU
		{2B6D2D06-31E6-486B-B240-5021E557DAAC}.Release|Any CPU.Build.0 = Release|Any CPU
		{2B6D2D06-31E6-486B-B240-5021E557DAAC}.Release|x64.ActiveCfg = Release|Any CPU
		{2B6D2D06-31E6-486B-B240-5021E557DAAC}.Release|x64.Build.0 = Release|Any CPU
		{2B6D2D06-31E6-486B-B240-5021E557DAAC}.Release|x86.ActiveCfg = Release|Any CPU
		{2B6D2D06-31E6-486B-B240-5021E557DAAC}.Release|x86.Build.0 = Release|Any CPU
		{51ED3C2B-809D-4D2F-830E-EA7801DCFAF3}.Debug|Any CPU.ActiveCfg = Debug|Any CPU
		{51ED3C2B-809D-4D2F-830E-EA7801DCFAF3}.Debug|Any CPU.Build.0 = Debug|Any CPU
		{51ED3C2B-809D-4D2F-830E-EA7801DCFAF3}.Debug|x64.ActiveCfg = Debug|Any CPU
		{51ED3C2B-809D-4D2F-830E-EA7801DCFAF3}.Debug|x64.Build.0 = Debug|Any CPU
		{51ED3C2B-809D-4D2F-830E-EA7801DCFAF3}.Debug|x86.ActiveCfg = Debug|Any CPU
		{51ED3C2B-809D-4D2F-830E-EA7801DCFAF3}.Debug|x86.Build.0 = Debug|Any CPU
		{51ED3C2B-809D-4D2F-830E-EA7801DCFAF3}.Release|Any CPU.ActiveCfg = Release|Any CPU
		{51ED3C2B-809D-4D2F-830E-EA7801DCFAF3}.Release|Any CPU.Build.0 = Release|Any CPU
		{51ED3C2B-809D-4D2F-830E-EA7801DCFAF3}.Release|x64.ActiveCfg = Release|Any CPU
		{51ED3C2B-809D-4D2F-830E-EA7801DCFAF3}.Release|x64.Build.0 = Release|Any CPU
		{51ED3C2B-809D-4D2F-830E-EA7801DCFAF3}.Release|x86.ActiveCfg = Release|Any CPU
		{51ED3C2B-809D-4D2F-830E-EA7801DCFAF3}.Release|x86.Build.0 = Release|Any CPU
		{EB2AD819-9C6D-4E98-9CA9-4020971D0EF6}.Debug|Any CPU.ActiveCfg = Debug|Any CPU
		{EB2AD819-9C6D-4E98-9CA9-4020971D0EF6}.Debug|Any CPU.Build.0 = Debug|Any CPU
		{EB2AD819-9C6D-4E98-9CA9-4020971D0EF6}.Debug|x64.ActiveCfg = Debug|Any CPU
		{EB2AD819-9C6D-4E98-9CA9-4020971D0EF6}.Debug|x64.Build.0 = Debug|Any CPU
		{EB2AD819-9C6D-4E98-9CA9-4020971D0EF6}.Debug|x86.ActiveCfg = Debug|Any CPU
		{EB2AD819-9C6D-4E98-9CA9-4020971D0EF6}.Debug|x86.Build.0 = Debug|Any CPU
		{EB2AD819-9C6D-4E98-9CA9-4020971D0EF6}.Release|Any CPU.ActiveCfg = Release|Any CPU
		{EB2AD819-9C6D-4E98-9CA9-4020971D0EF6}.Release|Any CPU.Build.0 = Release|Any CPU
		{EB2AD819-9C6D-4E98-9CA9-4020971D0EF6}.Release|x64.ActiveCfg = Release|Any CPU
		{EB2AD819-9C6D-4E98-9CA9-4020971D0EF6}.Release|x64.Build.0 = Release|Any CPU
		{EB2AD819-9C6D-4E98-9CA9-4020971D0EF6}.Release|x86.ActiveCfg = Release|Any CPU
		{EB2AD819-9C6D-4E98-9CA9-4020971D0EF6}.Release|x86.Build.0 = Release|Any CPU
		{65F73FEB-F9BD-4650-A342-2037ABB81F67}.Debug|Any CPU.ActiveCfg = Debug|Any CPU
		{65F73FEB-F9BD-4650-A342-2037ABB81F67}.Debug|Any CPU.Build.0 = Debug|Any CPU
		{65F73FEB-F9BD-4650-A342-2037ABB81F67}.Debug|x64.ActiveCfg = Debug|Any CPU
		{65F73FEB-F9BD-4650-A342-2037ABB81F67}.Debug|x64.Build.0 = Debug|Any CPU
		{65F73FEB-F9BD-4650-A342-2037ABB81F67}.Debug|x86.ActiveCfg = Debug|Any CPU
		{65F73FEB-F9BD-4650-A342-2037ABB81F67}.Debug|x86.Build.0 = Debug|Any CPU
		{65F73FEB-F9BD-4650-A342-2037ABB81F67}.Release|Any CPU.ActiveCfg = Release|Any CPU
		{65F73FEB-F9BD-4650-A342-2037ABB81F67}.Release|Any CPU.Build.0 = Release|Any CPU
		{65F73FEB-F9BD-4650-A342-2037ABB81F67}.Release|x64.ActiveCfg = Release|Any CPU
		{65F73FEB-F9BD-4650-A342-2037ABB81F67}.Release|x64.Build.0 = Release|Any CPU
		{65F73FEB-F9BD-4650-A342-2037ABB81F67}.Release|x86.ActiveCfg = Release|Any CPU
		{65F73FEB-F9BD-4650-A342-2037ABB81F67}.Release|x86.Build.0 = Release|Any CPU
		{0DEF9A57-0F83-4B05-ACC5-A9774153496A}.Debug|Any CPU.ActiveCfg = Debug|Any CPU
		{0DEF9A57-0F83-4B05-ACC5-A9774153496A}.Debug|Any CPU.Build.0 = Debug|Any CPU
		{0DEF9A57-0F83-4B05-ACC5-A9774153496A}.Debug|x64.ActiveCfg = Debug|Any CPU
		{0DEF9A57-0F83-4B05-ACC5-A9774153496A}.Debug|x64.Build.0 = Debug|Any CPU
		{0DEF9A57-0F83-4B05-ACC5-A9774153496A}.Debug|x86.ActiveCfg = Debug|Any CPU
		{0DEF9A57-0F83-4B05-ACC5-A9774153496A}.Debug|x86.Build.0 = Debug|Any CPU
		{0DEF9A57-0F83-4B05-ACC5-A9774153496A}.Release|Any CPU.ActiveCfg = Release|Any CPU
		{0DEF9A57-0F83-4B05-ACC5-A9774153496A}.Release|Any CPU.Build.0 = Release|Any CPU
		{0DEF9A57-0F83-4B05-ACC5-A9774153496A}.Release|x64.ActiveCfg = Release|Any CPU
		{0DEF9A57-0F83-4B05-ACC5-A9774153496A}.Release|x64.Build.0 = Release|Any CPU
		{0DEF9A57-0F83-4B05-ACC5-A9774153496A}.Release|x86.ActiveCfg = Release|Any CPU
		{0DEF9A57-0F83-4B05-ACC5-A9774153496A}.Release|x86.Build.0 = Release|Any CPU
		{F7053B4B-F3DD-4755-B3EE-CE048FD4794B}.Debug|Any CPU.ActiveCfg = Debug|Any CPU
		{F7053B4B-F3DD-4755-B3EE-CE048FD4794B}.Debug|Any CPU.Build.0 = Debug|Any CPU
		{F7053B4B-F3DD-4755-B3EE-CE048FD4794B}.Debug|x64.ActiveCfg = Debug|Any CPU
		{F7053B4B-F3DD-4755-B3EE-CE048FD4794B}.Debug|x64.Build.0 = Debug|Any CPU
		{F7053B4B-F3DD-4755-B3EE-CE048FD4794B}.Debug|x86.ActiveCfg = Debug|Any CPU
		{F7053B4B-F3DD-4755-B3EE-CE048FD4794B}.Debug|x86.Build.0 = Debug|Any CPU
		{F7053B4B-F3DD-4755-B3EE-CE048FD4794B}.Release|Any CPU.ActiveCfg = Release|Any CPU
		{F7053B4B-F3DD-4755-B3EE-CE048FD4794B}.Release|Any CPU.Build.0 = Release|Any CPU
		{F7053B4B-F3DD-4755-B3EE-CE048FD4794B}.Release|x64.ActiveCfg = Release|Any CPU
		{F7053B4B-F3DD-4755-B3EE-CE048FD4794B}.Release|x64.Build.0 = Release|Any CPU
		{F7053B4B-F3DD-4755-B3EE-CE048FD4794B}.Release|x86.ActiveCfg = Release|Any CPU
		{F7053B4B-F3DD-4755-B3EE-CE048FD4794B}.Release|x86.Build.0 = Release|Any CPU
		{716156FC-15E5-4116-9308-DDA599C16F61}.Debug|Any CPU.ActiveCfg = Debug|Any CPU
		{716156FC-15E5-4116-9308-DDA599C16F61}.Debug|Any CPU.Build.0 = Debug|Any CPU
		{716156FC-15E5-4116-9308-DDA599C16F61}.Debug|x64.ActiveCfg = Debug|Any CPU
		{716156FC-15E5-4116-9308-DDA599C16F61}.Debug|x64.Build.0 = Debug|Any CPU
		{716156FC-15E5-4116-9308-DDA599C16F61}.Debug|x86.ActiveCfg = Debug|Any CPU
		{716156FC-15E5-4116-9308-DDA599C16F61}.Debug|x86.Build.0 = Debug|Any CPU
		{716156FC-15E5-4116-9308-DDA599C16F61}.Release|Any CPU.ActiveCfg = Release|Any CPU
		{716156FC-15E5-4116-9308-DDA599C16F61}.Release|Any CPU.Build.0 = Release|Any CPU
		{716156FC-15E5-4116-9308-DDA599C16F61}.Release|x64.ActiveCfg = Release|Any CPU
		{716156FC-15E5-4116-9308-DDA599C16F61}.Release|x64.Build.0 = Release|Any CPU
		{716156FC-15E5-4116-9308-DDA599C16F61}.Release|x86.ActiveCfg = Release|Any CPU
		{716156FC-15E5-4116-9308-DDA599C16F61}.Release|x86.Build.0 = Release|Any CPU
		{EC630552-F5E0-4AC1-A2CC-DCF6D050E0C4}.Debug|Any CPU.ActiveCfg = Debug|Any CPU
		{EC630552-F5E0-4AC1-A2CC-DCF6D050E0C4}.Debug|Any CPU.Build.0 = Debug|Any CPU
		{EC630552-F5E0-4AC1-A2CC-DCF6D050E0C4}.Debug|x64.ActiveCfg = Debug|Any CPU
		{EC630552-F5E0-4AC1-A2CC-DCF6D050E0C4}.Debug|x64.Build.0 = Debug|Any CPU
		{EC630552-F5E0-4AC1-A2CC-DCF6D050E0C4}.Debug|x86.ActiveCfg = Debug|Any CPU
		{EC630552-F5E0-4AC1-A2CC-DCF6D050E0C4}.Debug|x86.Build.0 = Debug|Any CPU
		{EC630552-F5E0-4AC1-A2CC-DCF6D050E0C4}.Release|Any CPU.ActiveCfg = Release|Any CPU
		{EC630552-F5E0-4AC1-A2CC-DCF6D050E0C4}.Release|Any CPU.Build.0 = Release|Any CPU
		{EC630552-F5E0-4AC1-A2CC-DCF6D050E0C4}.Release|x64.ActiveCfg = Release|Any CPU
		{EC630552-F5E0-4AC1-A2CC-DCF6D050E0C4}.Release|x64.Build.0 = Release|Any CPU
		{EC630552-F5E0-4AC1-A2CC-DCF6D050E0C4}.Release|x86.ActiveCfg = Release|Any CPU
		{EC630552-F5E0-4AC1-A2CC-DCF6D050E0C4}.Release|x86.Build.0 = Release|Any CPU
		{D4026188-3B11-4B9A-A1FD-49BAD8267AF6}.Debug|Any CPU.ActiveCfg = Debug|Any CPU
		{D4026188-3B11-4B9A-A1FD-49BAD8267AF6}.Debug|Any CPU.Build.0 = Debug|Any CPU
		{D4026188-3B11-4B9A-A1FD-49BAD8267AF6}.Debug|x64.ActiveCfg = Debug|Any CPU
		{D4026188-3B11-4B9A-A1FD-49BAD8267AF6}.Debug|x64.Build.0 = Debug|Any CPU
		{D4026188-3B11-4B9A-A1FD-49BAD8267AF6}.Debug|x86.ActiveCfg = Debug|Any CPU
		{D4026188-3B11-4B9A-A1FD-49BAD8267AF6}.Debug|x86.Build.0 = Debug|Any CPU
		{D4026188-3B11-4B9A-A1FD-49BAD8267AF6}.Release|Any CPU.ActiveCfg = Release|Any CPU
		{D4026188-3B11-4B9A-A1FD-49BAD8267AF6}.Release|Any CPU.Build.0 = Release|Any CPU
		{D4026188-3B11-4B9A-A1FD-49BAD8267AF6}.Release|x64.ActiveCfg = Release|Any CPU
		{D4026188-3B11-4B9A-A1FD-49BAD8267AF6}.Release|x64.Build.0 = Release|Any CPU
		{D4026188-3B11-4B9A-A1FD-49BAD8267AF6}.Release|x86.ActiveCfg = Release|Any CPU
		{D4026188-3B11-4B9A-A1FD-49BAD8267AF6}.Release|x86.Build.0 = Release|Any CPU
		{C12926D1-4610-4432-ABC4-7D388EA8D650}.Debug|Any CPU.ActiveCfg = Debug|Any CPU
		{C12926D1-4610-4432-ABC4-7D388EA8D650}.Debug|Any CPU.Build.0 = Debug|Any CPU
		{C12926D1-4610-4432-ABC4-7D388EA8D650}.Debug|x64.ActiveCfg = Debug|Any CPU
		{C12926D1-4610-4432-ABC4-7D388EA8D650}.Debug|x64.Build.0 = Debug|Any CPU
		{C12926D1-4610-4432-ABC4-7D388EA8D650}.Debug|x86.ActiveCfg = Debug|Any CPU
		{C12926D1-4610-4432-ABC4-7D388EA8D650}.Debug|x86.Build.0 = Debug|Any CPU
		{C12926D1-4610-4432-ABC4-7D388EA8D650}.Release|Any CPU.ActiveCfg = Release|Any CPU
		{C12926D1-4610-4432-ABC4-7D388EA8D650}.Release|Any CPU.Build.0 = Release|Any CPU
		{C12926D1-4610-4432-ABC4-7D388EA8D650}.Release|x64.ActiveCfg = Release|Any CPU
		{C12926D1-4610-4432-ABC4-7D388EA8D650}.Release|x64.Build.0 = Release|Any CPU
		{C12926D1-4610-4432-ABC4-7D388EA8D650}.Release|x86.ActiveCfg = Release|Any CPU
		{C12926D1-4610-4432-ABC4-7D388EA8D650}.Release|x86.Build.0 = Release|Any CPU
		{768B3F0B-7328-475A-ABCE-91F85E1BE070}.Debug|Any CPU.ActiveCfg = Debug|Any CPU
		{768B3F0B-7328-475A-ABCE-91F85E1BE070}.Debug|Any CPU.Build.0 = Debug|Any CPU
		{768B3F0B-7328-475A-ABCE-91F85E1BE070}.Debug|x64.ActiveCfg = Debug|Any CPU
		{768B3F0B-7328-475A-ABCE-91F85E1BE070}.Debug|x64.Build.0 = Debug|Any CPU
		{768B3F0B-7328-475A-ABCE-91F85E1BE070}.Debug|x86.ActiveCfg = Debug|Any CPU
		{768B3F0B-7328-475A-ABCE-91F85E1BE070}.Debug|x86.Build.0 = Debug|Any CPU
		{768B3F0B-7328-475A-ABCE-91F85E1BE070}.Release|Any CPU.ActiveCfg = Release|Any CPU
		{768B3F0B-7328-475A-ABCE-91F85E1BE070}.Release|Any CPU.Build.0 = Release|Any CPU
		{768B3F0B-7328-475A-ABCE-91F85E1BE070}.Release|x64.ActiveCfg = Release|Any CPU
		{768B3F0B-7328-475A-ABCE-91F85E1BE070}.Release|x64.Build.0 = Release|Any CPU
		{768B3F0B-7328-475A-ABCE-91F85E1BE070}.Release|x86.ActiveCfg = Release|Any CPU
		{768B3F0B-7328-475A-ABCE-91F85E1BE070}.Release|x86.Build.0 = Release|Any CPU
		{459120A1-4C55-44B2-BAB1-8C29DFB89466}.Debug|Any CPU.ActiveCfg = Debug|Any CPU
		{459120A1-4C55-44B2-BAB1-8C29DFB89466}.Debug|Any CPU.Build.0 = Debug|Any CPU
		{459120A1-4C55-44B2-BAB1-8C29DFB89466}.Debug|x64.ActiveCfg = Debug|Any CPU
		{459120A1-4C55-44B2-BAB1-8C29DFB89466}.Debug|x64.Build.0 = Debug|Any CPU
		{459120A1-4C55-44B2-BAB1-8C29DFB89466}.Debug|x86.ActiveCfg = Debug|Any CPU
		{459120A1-4C55-44B2-BAB1-8C29DFB89466}.Debug|x86.Build.0 = Debug|Any CPU
		{459120A1-4C55-44B2-BAB1-8C29DFB89466}.Release|Any CPU.ActiveCfg = Release|Any CPU
		{459120A1-4C55-44B2-BAB1-8C29DFB89466}.Release|Any CPU.Build.0 = Release|Any CPU
		{459120A1-4C55-44B2-BAB1-8C29DFB89466}.Release|x64.ActiveCfg = Release|Any CPU
		{459120A1-4C55-44B2-BAB1-8C29DFB89466}.Release|x64.Build.0 = Release|Any CPU
		{459120A1-4C55-44B2-BAB1-8C29DFB89466}.Release|x86.ActiveCfg = Release|Any CPU
		{459120A1-4C55-44B2-BAB1-8C29DFB89466}.Release|x86.Build.0 = Release|Any CPU
		{5E5E93A3-5CAB-4DFA-94DD-01FF3984892C}.Debug|Any CPU.ActiveCfg = Debug|Any CPU
		{5E5E93A3-5CAB-4DFA-94DD-01FF3984892C}.Debug|Any CPU.Build.0 = Debug|Any CPU
		{5E5E93A3-5CAB-4DFA-94DD-01FF3984892C}.Debug|x64.ActiveCfg = Debug|Any CPU
		{5E5E93A3-5CAB-4DFA-94DD-01FF3984892C}.Debug|x64.Build.0 = Debug|Any CPU
		{5E5E93A3-5CAB-4DFA-94DD-01FF3984892C}.Debug|x86.ActiveCfg = Debug|Any CPU
		{5E5E93A3-5CAB-4DFA-94DD-01FF3984892C}.Debug|x86.Build.0 = Debug|Any CPU
		{5E5E93A3-5CAB-4DFA-94DD-01FF3984892C}.Release|Any CPU.ActiveCfg = Release|Any CPU
		{5E5E93A3-5CAB-4DFA-94DD-01FF3984892C}.Release|Any CPU.Build.0 = Release|Any CPU
		{5E5E93A3-5CAB-4DFA-94DD-01FF3984892C}.Release|x64.ActiveCfg = Release|Any CPU
		{5E5E93A3-5CAB-4DFA-94DD-01FF3984892C}.Release|x64.Build.0 = Release|Any CPU
		{5E5E93A3-5CAB-4DFA-94DD-01FF3984892C}.Release|x86.ActiveCfg = Release|Any CPU
		{5E5E93A3-5CAB-4DFA-94DD-01FF3984892C}.Release|x86.Build.0 = Release|Any CPU
		{C7F7A260-2F39-4D40-B7D7-E7C98CE13E64}.Debug|Any CPU.ActiveCfg = Debug|Any CPU
		{C7F7A260-2F39-4D40-B7D7-E7C98CE13E64}.Debug|Any CPU.Build.0 = Debug|Any CPU
		{C7F7A260-2F39-4D40-B7D7-E7C98CE13E64}.Debug|x64.ActiveCfg = Debug|Any CPU
		{C7F7A260-2F39-4D40-B7D7-E7C98CE13E64}.Debug|x64.Build.0 = Debug|Any CPU
		{C7F7A260-2F39-4D40-B7D7-E7C98CE13E64}.Debug|x86.ActiveCfg = Debug|Any CPU
		{C7F7A260-2F39-4D40-B7D7-E7C98CE13E64}.Debug|x86.Build.0 = Debug|Any CPU
		{C7F7A260-2F39-4D40-B7D7-E7C98CE13E64}.Release|Any CPU.ActiveCfg = Release|Any CPU
		{C7F7A260-2F39-4D40-B7D7-E7C98CE13E64}.Release|Any CPU.Build.0 = Release|Any CPU
		{C7F7A260-2F39-4D40-B7D7-E7C98CE13E64}.Release|x64.ActiveCfg = Release|Any CPU
		{C7F7A260-2F39-4D40-B7D7-E7C98CE13E64}.Release|x64.Build.0 = Release|Any CPU
		{C7F7A260-2F39-4D40-B7D7-E7C98CE13E64}.Release|x86.ActiveCfg = Release|Any CPU
		{C7F7A260-2F39-4D40-B7D7-E7C98CE13E64}.Release|x86.Build.0 = Release|Any CPU
		{A3F314D4-BF10-4E02-ABF1-4ECB6C9162DA}.Debug|Any CPU.ActiveCfg = Debug|Any CPU
		{A3F314D4-BF10-4E02-ABF1-4ECB6C9162DA}.Debug|Any CPU.Build.0 = Debug|Any CPU
		{A3F314D4-BF10-4E02-ABF1-4ECB6C9162DA}.Debug|x64.ActiveCfg = Debug|Any CPU
		{A3F314D4-BF10-4E02-ABF1-4ECB6C9162DA}.Debug|x64.Build.0 = Debug|Any CPU
		{A3F314D4-BF10-4E02-ABF1-4ECB6C9162DA}.Debug|x86.ActiveCfg = Debug|Any CPU
		{A3F314D4-BF10-4E02-ABF1-4ECB6C9162DA}.Debug|x86.Build.0 = Debug|Any CPU
		{A3F314D4-BF10-4E02-ABF1-4ECB6C9162DA}.Release|Any CPU.ActiveCfg = Release|Any CPU
		{A3F314D4-BF10-4E02-ABF1-4ECB6C9162DA}.Release|Any CPU.Build.0 = Release|Any CPU
		{A3F314D4-BF10-4E02-ABF1-4ECB6C9162DA}.Release|x64.ActiveCfg = Release|Any CPU
		{A3F314D4-BF10-4E02-ABF1-4ECB6C9162DA}.Release|x64.Build.0 = Release|Any CPU
		{A3F314D4-BF10-4E02-ABF1-4ECB6C9162DA}.Release|x86.ActiveCfg = Release|Any CPU
		{A3F314D4-BF10-4E02-ABF1-4ECB6C9162DA}.Release|x86.Build.0 = Release|Any CPU
		{3368009B-845B-4B6E-9887-9CBC22EA6DC9}.Debug|Any CPU.ActiveCfg = Debug|Any CPU
		{3368009B-845B-4B6E-9887-9CBC22EA6DC9}.Debug|Any CPU.Build.0 = Debug|Any CPU
		{3368009B-845B-4B6E-9887-9CBC22EA6DC9}.Debug|x64.ActiveCfg = Debug|Any CPU
		{3368009B-845B-4B6E-9887-9CBC22EA6DC9}.Debug|x64.Build.0 = Debug|Any CPU
		{3368009B-845B-4B6E-9887-9CBC22EA6DC9}.Debug|x86.ActiveCfg = Debug|Any CPU
		{3368009B-845B-4B6E-9887-9CBC22EA6DC9}.Debug|x86.Build.0 = Debug|Any CPU
		{3368009B-845B-4B6E-9887-9CBC22EA6DC9}.Release|Any CPU.ActiveCfg = Release|Any CPU
		{3368009B-845B-4B6E-9887-9CBC22EA6DC9}.Release|Any CPU.Build.0 = Release|Any CPU
		{3368009B-845B-4B6E-9887-9CBC22EA6DC9}.Release|x64.ActiveCfg = Release|Any CPU
		{3368009B-845B-4B6E-9887-9CBC22EA6DC9}.Release|x64.Build.0 = Release|Any CPU
		{3368009B-845B-4B6E-9887-9CBC22EA6DC9}.Release|x86.ActiveCfg = Release|Any CPU
		{3368009B-845B-4B6E-9887-9CBC22EA6DC9}.Release|x86.Build.0 = Release|Any CPU
		{C8C3A596-8D66-4F36-95B1-64ECF2E8C08F}.Debug|Any CPU.ActiveCfg = Debug|Any CPU
		{C8C3A596-8D66-4F36-95B1-64ECF2E8C08F}.Debug|Any CPU.Build.0 = Debug|Any CPU
		{C8C3A596-8D66-4F36-95B1-64ECF2E8C08F}.Debug|x64.ActiveCfg = Debug|Any CPU
		{C8C3A596-8D66-4F36-95B1-64ECF2E8C08F}.Debug|x64.Build.0 = Debug|Any CPU
		{C8C3A596-8D66-4F36-95B1-64ECF2E8C08F}.Debug|x86.ActiveCfg = Debug|Any CPU
		{C8C3A596-8D66-4F36-95B1-64ECF2E8C08F}.Debug|x86.Build.0 = Debug|Any CPU
		{C8C3A596-8D66-4F36-95B1-64ECF2E8C08F}.Release|Any CPU.ActiveCfg = Release|Any CPU
		{C8C3A596-8D66-4F36-95B1-64ECF2E8C08F}.Release|Any CPU.Build.0 = Release|Any CPU
		{C8C3A596-8D66-4F36-95B1-64ECF2E8C08F}.Release|x64.ActiveCfg = Release|Any CPU
		{C8C3A596-8D66-4F36-95B1-64ECF2E8C08F}.Release|x64.Build.0 = Release|Any CPU
		{C8C3A596-8D66-4F36-95B1-64ECF2E8C08F}.Release|x86.ActiveCfg = Release|Any CPU
		{C8C3A596-8D66-4F36-95B1-64ECF2E8C08F}.Release|x86.Build.0 = Release|Any CPU
		{4F37510C-F1E4-4606-9BE2-BA58B5A5D255}.Debug|Any CPU.ActiveCfg = Debug|Any CPU
		{4F37510C-F1E4-4606-9BE2-BA58B5A5D255}.Debug|Any CPU.Build.0 = Debug|Any CPU
		{4F37510C-F1E4-4606-9BE2-BA58B5A5D255}.Debug|x64.ActiveCfg = Debug|Any CPU
		{4F37510C-F1E4-4606-9BE2-BA58B5A5D255}.Debug|x64.Build.0 = Debug|Any CPU
		{4F37510C-F1E4-4606-9BE2-BA58B5A5D255}.Debug|x86.ActiveCfg = Debug|Any CPU
		{4F37510C-F1E4-4606-9BE2-BA58B5A5D255}.Debug|x86.Build.0 = Debug|Any CPU
		{4F37510C-F1E4-4606-9BE2-BA58B5A5D255}.Release|Any CPU.ActiveCfg = Release|Any CPU
		{4F37510C-F1E4-4606-9BE2-BA58B5A5D255}.Release|Any CPU.Build.0 = Release|Any CPU
		{4F37510C-F1E4-4606-9BE2-BA58B5A5D255}.Release|x64.ActiveCfg = Release|Any CPU
		{4F37510C-F1E4-4606-9BE2-BA58B5A5D255}.Release|x64.Build.0 = Release|Any CPU
		{4F37510C-F1E4-4606-9BE2-BA58B5A5D255}.Release|x86.ActiveCfg = Release|Any CPU
		{4F37510C-F1E4-4606-9BE2-BA58B5A5D255}.Release|x86.Build.0 = Release|Any CPU
		{973F3A4D-CC99-41AA-A6AB-C42D188496A2}.Debug|Any CPU.ActiveCfg = Debug|Any CPU
		{973F3A4D-CC99-41AA-A6AB-C42D188496A2}.Debug|Any CPU.Build.0 = Debug|Any CPU
		{973F3A4D-CC99-41AA-A6AB-C42D188496A2}.Debug|x64.ActiveCfg = Debug|Any CPU
		{973F3A4D-CC99-41AA-A6AB-C42D188496A2}.Debug|x64.Build.0 = Debug|Any CPU
		{973F3A4D-CC99-41AA-A6AB-C42D188496A2}.Debug|x86.ActiveCfg = Debug|Any CPU
		{973F3A4D-CC99-41AA-A6AB-C42D188496A2}.Debug|x86.Build.0 = Debug|Any CPU
		{973F3A4D-CC99-41AA-A6AB-C42D188496A2}.Release|Any CPU.ActiveCfg = Release|Any CPU
		{973F3A4D-CC99-41AA-A6AB-C42D188496A2}.Release|Any CPU.Build.0 = Release|Any CPU
		{973F3A4D-CC99-41AA-A6AB-C42D188496A2}.Release|x64.ActiveCfg = Release|Any CPU
		{973F3A4D-CC99-41AA-A6AB-C42D188496A2}.Release|x64.Build.0 = Release|Any CPU
		{973F3A4D-CC99-41AA-A6AB-C42D188496A2}.Release|x86.ActiveCfg = Release|Any CPU
		{973F3A4D-CC99-41AA-A6AB-C42D188496A2}.Release|x86.Build.0 = Release|Any CPU
		{68C4C244-027E-49D3-ABC3-D1694DF88D62}.Debug|Any CPU.ActiveCfg = Debug|Any CPU
		{68C4C244-027E-49D3-ABC3-D1694DF88D62}.Debug|Any CPU.Build.0 = Debug|Any CPU
		{68C4C244-027E-49D3-ABC3-D1694DF88D62}.Debug|x64.ActiveCfg = Debug|Any CPU
		{68C4C244-027E-49D3-ABC3-D1694DF88D62}.Debug|x64.Build.0 = Debug|Any CPU
		{68C4C244-027E-49D3-ABC3-D1694DF88D62}.Debug|x86.ActiveCfg = Debug|Any CPU
		{68C4C244-027E-49D3-ABC3-D1694DF88D62}.Debug|x86.Build.0 = Debug|Any CPU
		{68C4C244-027E-49D3-ABC3-D1694DF88D62}.Release|Any CPU.ActiveCfg = Release|Any CPU
		{68C4C244-027E-49D3-ABC3-D1694DF88D62}.Release|Any CPU.Build.0 = Release|Any CPU
		{68C4C244-027E-49D3-ABC3-D1694DF88D62}.Release|x64.ActiveCfg = Release|Any CPU
		{68C4C244-027E-49D3-ABC3-D1694DF88D62}.Release|x64.Build.0 = Release|Any CPU
		{68C4C244-027E-49D3-ABC3-D1694DF88D62}.Release|x86.ActiveCfg = Release|Any CPU
		{68C4C244-027E-49D3-ABC3-D1694DF88D62}.Release|x86.Build.0 = Release|Any CPU
		{82E7EA6F-EF03-4D95-AFF8-8CCAECFDB74A}.Debug|Any CPU.ActiveCfg = Debug|Any CPU
		{82E7EA6F-EF03-4D95-AFF8-8CCAECFDB74A}.Debug|Any CPU.Build.0 = Debug|Any CPU
		{82E7EA6F-EF03-4D95-AFF8-8CCAECFDB74A}.Debug|x64.ActiveCfg = Debug|Any CPU
		{82E7EA6F-EF03-4D95-AFF8-8CCAECFDB74A}.Debug|x64.Build.0 = Debug|Any CPU
		{82E7EA6F-EF03-4D95-AFF8-8CCAECFDB74A}.Debug|x86.ActiveCfg = Debug|Any CPU
		{82E7EA6F-EF03-4D95-AFF8-8CCAECFDB74A}.Debug|x86.Build.0 = Debug|Any CPU
		{82E7EA6F-EF03-4D95-AFF8-8CCAECFDB74A}.Release|Any CPU.ActiveCfg = Release|Any CPU
		{82E7EA6F-EF03-4D95-AFF8-8CCAECFDB74A}.Release|Any CPU.Build.0 = Release|Any CPU
		{82E7EA6F-EF03-4D95-AFF8-8CCAECFDB74A}.Release|x64.ActiveCfg = Release|Any CPU
		{82E7EA6F-EF03-4D95-AFF8-8CCAECFDB74A}.Release|x64.Build.0 = Release|Any CPU
		{82E7EA6F-EF03-4D95-AFF8-8CCAECFDB74A}.Release|x86.ActiveCfg = Release|Any CPU
		{82E7EA6F-EF03-4D95-AFF8-8CCAECFDB74A}.Release|x86.Build.0 = Release|Any CPU
		{3D29C6F9-8736-44A0-9DB7-EAC62C6FAEA6}.Debug|Any CPU.ActiveCfg = Debug|Any CPU
		{3D29C6F9-8736-44A0-9DB7-EAC62C6FAEA6}.Debug|Any CPU.Build.0 = Debug|Any CPU
		{3D29C6F9-8736-44A0-9DB7-EAC62C6FAEA6}.Debug|x64.ActiveCfg = Debug|Any CPU
		{3D29C6F9-8736-44A0-9DB7-EAC62C6FAEA6}.Debug|x64.Build.0 = Debug|Any CPU
		{3D29C6F9-8736-44A0-9DB7-EAC62C6FAEA6}.Debug|x86.ActiveCfg = Debug|Any CPU
		{3D29C6F9-8736-44A0-9DB7-EAC62C6FAEA6}.Debug|x86.Build.0 = Debug|Any CPU
		{3D29C6F9-8736-44A0-9DB7-EAC62C6FAEA6}.Release|Any CPU.ActiveCfg = Release|Any CPU
		{3D29C6F9-8736-44A0-9DB7-EAC62C6FAEA6}.Release|Any CPU.Build.0 = Release|Any CPU
		{3D29C6F9-8736-44A0-9DB7-EAC62C6FAEA6}.Release|x64.ActiveCfg = Release|Any CPU
		{3D29C6F9-8736-44A0-9DB7-EAC62C6FAEA6}.Release|x64.Build.0 = Release|Any CPU
		{3D29C6F9-8736-44A0-9DB7-EAC62C6FAEA6}.Release|x86.ActiveCfg = Release|Any CPU
		{3D29C6F9-8736-44A0-9DB7-EAC62C6FAEA6}.Release|x86.Build.0 = Release|Any CPU
		{BB3A7C26-B932-4FE6-B18E-13A29432327D}.Debug|Any CPU.ActiveCfg = Debug|Any CPU
		{BB3A7C26-B932-4FE6-B18E-13A29432327D}.Debug|Any CPU.Build.0 = Debug|Any CPU
		{BB3A7C26-B932-4FE6-B18E-13A29432327D}.Debug|x64.ActiveCfg = Debug|Any CPU
		{BB3A7C26-B932-4FE6-B18E-13A29432327D}.Debug|x64.Build.0 = Debug|Any CPU
		{BB3A7C26-B932-4FE6-B18E-13A29432327D}.Debug|x86.ActiveCfg = Debug|Any CPU
		{BB3A7C26-B932-4FE6-B18E-13A29432327D}.Debug|x86.Build.0 = Debug|Any CPU
		{BB3A7C26-B932-4FE6-B18E-13A29432327D}.Release|Any CPU.ActiveCfg = Release|Any CPU
		{BB3A7C26-B932-4FE6-B18E-13A29432327D}.Release|Any CPU.Build.0 = Release|Any CPU
		{BB3A7C26-B932-4FE6-B18E-13A29432327D}.Release|x64.ActiveCfg = Release|Any CPU
		{BB3A7C26-B932-4FE6-B18E-13A29432327D}.Release|x64.Build.0 = Release|Any CPU
		{BB3A7C26-B932-4FE6-B18E-13A29432327D}.Release|x86.ActiveCfg = Release|Any CPU
		{BB3A7C26-B932-4FE6-B18E-13A29432327D}.Release|x86.Build.0 = Release|Any CPU
		{CA4C9CFD-7FFF-4AB9-97EF-4F088476E07F}.Debug|Any CPU.ActiveCfg = Debug|Any CPU
		{CA4C9CFD-7FFF-4AB9-97EF-4F088476E07F}.Debug|Any CPU.Build.0 = Debug|Any CPU
		{CA4C9CFD-7FFF-4AB9-97EF-4F088476E07F}.Debug|x64.ActiveCfg = Debug|Any CPU
		{CA4C9CFD-7FFF-4AB9-97EF-4F088476E07F}.Debug|x64.Build.0 = Debug|Any CPU
		{CA4C9CFD-7FFF-4AB9-97EF-4F088476E07F}.Debug|x86.ActiveCfg = Debug|Any CPU
		{CA4C9CFD-7FFF-4AB9-97EF-4F088476E07F}.Debug|x86.Build.0 = Debug|Any CPU
		{CA4C9CFD-7FFF-4AB9-97EF-4F088476E07F}.Release|Any CPU.ActiveCfg = Release|Any CPU
		{CA4C9CFD-7FFF-4AB9-97EF-4F088476E07F}.Release|Any CPU.Build.0 = Release|Any CPU
		{CA4C9CFD-7FFF-4AB9-97EF-4F088476E07F}.Release|x64.ActiveCfg = Release|Any CPU
		{CA4C9CFD-7FFF-4AB9-97EF-4F088476E07F}.Release|x64.Build.0 = Release|Any CPU
		{CA4C9CFD-7FFF-4AB9-97EF-4F088476E07F}.Release|x86.ActiveCfg = Release|Any CPU
		{CA4C9CFD-7FFF-4AB9-97EF-4F088476E07F}.Release|x86.Build.0 = Release|Any CPU
		{03772465-BF3A-4830-B210-FA4C3263C358}.Debug|Any CPU.ActiveCfg = Debug|Any CPU
		{03772465-BF3A-4830-B210-FA4C3263C358}.Debug|Any CPU.Build.0 = Debug|Any CPU
		{03772465-BF3A-4830-B210-FA4C3263C358}.Debug|x64.ActiveCfg = Debug|Any CPU
		{03772465-BF3A-4830-B210-FA4C3263C358}.Debug|x64.Build.0 = Debug|Any CPU
		{03772465-BF3A-4830-B210-FA4C3263C358}.Debug|x86.ActiveCfg = Debug|Any CPU
		{03772465-BF3A-4830-B210-FA4C3263C358}.Debug|x86.Build.0 = Debug|Any CPU
		{03772465-BF3A-4830-B210-FA4C3263C358}.Release|Any CPU.ActiveCfg = Release|Any CPU
		{03772465-BF3A-4830-B210-FA4C3263C358}.Release|Any CPU.Build.0 = Release|Any CPU
		{03772465-BF3A-4830-B210-FA4C3263C358}.Release|x64.ActiveCfg = Release|Any CPU
		{03772465-BF3A-4830-B210-FA4C3263C358}.Release|x64.Build.0 = Release|Any CPU
		{03772465-BF3A-4830-B210-FA4C3263C358}.Release|x86.ActiveCfg = Release|Any CPU
		{03772465-BF3A-4830-B210-FA4C3263C358}.Release|x86.Build.0 = Release|Any CPU
		{41186F80-252E-4821-A123-D0054E676C53}.Debug|Any CPU.ActiveCfg = Debug|Any CPU
		{41186F80-252E-4821-A123-D0054E676C53}.Debug|Any CPU.Build.0 = Debug|Any CPU
		{41186F80-252E-4821-A123-D0054E676C53}.Debug|x64.ActiveCfg = Debug|Any CPU
		{41186F80-252E-4821-A123-D0054E676C53}.Debug|x64.Build.0 = Debug|Any CPU
		{41186F80-252E-4821-A123-D0054E676C53}.Debug|x86.ActiveCfg = Debug|Any CPU
		{41186F80-252E-4821-A123-D0054E676C53}.Debug|x86.Build.0 = Debug|Any CPU
		{41186F80-252E-4821-A123-D0054E676C53}.Release|Any CPU.ActiveCfg = Release|Any CPU
		{41186F80-252E-4821-A123-D0054E676C53}.Release|Any CPU.Build.0 = Release|Any CPU
		{41186F80-252E-4821-A123-D0054E676C53}.Release|x64.ActiveCfg = Release|Any CPU
		{41186F80-252E-4821-A123-D0054E676C53}.Release|x64.Build.0 = Release|Any CPU
		{41186F80-252E-4821-A123-D0054E676C53}.Release|x86.ActiveCfg = Release|Any CPU
		{41186F80-252E-4821-A123-D0054E676C53}.Release|x86.Build.0 = Release|Any CPU
		{E133B193-6B87-4DF0-A476-3B0469418187}.Debug|Any CPU.ActiveCfg = Debug|Any CPU
		{E133B193-6B87-4DF0-A476-3B0469418187}.Debug|Any CPU.Build.0 = Debug|Any CPU
		{E133B193-6B87-4DF0-A476-3B0469418187}.Debug|x64.ActiveCfg = Debug|Any CPU
		{E133B193-6B87-4DF0-A476-3B0469418187}.Debug|x64.Build.0 = Debug|Any CPU
		{E133B193-6B87-4DF0-A476-3B0469418187}.Debug|x86.ActiveCfg = Debug|Any CPU
		{E133B193-6B87-4DF0-A476-3B0469418187}.Debug|x86.Build.0 = Debug|Any CPU
		{E133B193-6B87-4DF0-A476-3B0469418187}.Release|Any CPU.ActiveCfg = Release|Any CPU
		{E133B193-6B87-4DF0-A476-3B0469418187}.Release|Any CPU.Build.0 = Release|Any CPU
		{E133B193-6B87-4DF0-A476-3B0469418187}.Release|x64.ActiveCfg = Release|Any CPU
		{E133B193-6B87-4DF0-A476-3B0469418187}.Release|x64.Build.0 = Release|Any CPU
		{E133B193-6B87-4DF0-A476-3B0469418187}.Release|x86.ActiveCfg = Release|Any CPU
		{E133B193-6B87-4DF0-A476-3B0469418187}.Release|x86.Build.0 = Release|Any CPU
		{45EFCC75-CE98-482B-9A39-B01E93B88CB6}.Debug|Any CPU.ActiveCfg = Debug|Any CPU
		{45EFCC75-CE98-482B-9A39-B01E93B88CB6}.Debug|Any CPU.Build.0 = Debug|Any CPU
		{45EFCC75-CE98-482B-9A39-B01E93B88CB6}.Debug|x64.ActiveCfg = Debug|Any CPU
		{45EFCC75-CE98-482B-9A39-B01E93B88CB6}.Debug|x64.Build.0 = Debug|Any CPU
		{45EFCC75-CE98-482B-9A39-B01E93B88CB6}.Debug|x86.ActiveCfg = Debug|Any CPU
		{45EFCC75-CE98-482B-9A39-B01E93B88CB6}.Debug|x86.Build.0 = Debug|Any CPU
		{45EFCC75-CE98-482B-9A39-B01E93B88CB6}.Release|Any CPU.ActiveCfg = Release|Any CPU
		{45EFCC75-CE98-482B-9A39-B01E93B88CB6}.Release|Any CPU.Build.0 = Release|Any CPU
		{45EFCC75-CE98-482B-9A39-B01E93B88CB6}.Release|x64.ActiveCfg = Release|Any CPU
		{45EFCC75-CE98-482B-9A39-B01E93B88CB6}.Release|x64.Build.0 = Release|Any CPU
		{45EFCC75-CE98-482B-9A39-B01E93B88CB6}.Release|x86.ActiveCfg = Release|Any CPU
		{45EFCC75-CE98-482B-9A39-B01E93B88CB6}.Release|x86.Build.0 = Release|Any CPU
		{4D417574-40C8-492B-A5B1-06EA2EEEFECA}.Debug|Any CPU.ActiveCfg = Debug|Any CPU
		{4D417574-40C8-492B-A5B1-06EA2EEEFECA}.Debug|Any CPU.Build.0 = Debug|Any CPU
		{4D417574-40C8-492B-A5B1-06EA2EEEFECA}.Debug|x64.ActiveCfg = Debug|Any CPU
		{4D417574-40C8-492B-A5B1-06EA2EEEFECA}.Debug|x64.Build.0 = Debug|Any CPU
		{4D417574-40C8-492B-A5B1-06EA2EEEFECA}.Debug|x86.ActiveCfg = Debug|Any CPU
		{4D417574-40C8-492B-A5B1-06EA2EEEFECA}.Debug|x86.Build.0 = Debug|Any CPU
		{4D417574-40C8-492B-A5B1-06EA2EEEFECA}.Release|Any CPU.ActiveCfg = Release|Any CPU
		{4D417574-40C8-492B-A5B1-06EA2EEEFECA}.Release|Any CPU.Build.0 = Release|Any CPU
		{4D417574-40C8-492B-A5B1-06EA2EEEFECA}.Release|x64.ActiveCfg = Release|Any CPU
		{4D417574-40C8-492B-A5B1-06EA2EEEFECA}.Release|x64.Build.0 = Release|Any CPU
		{4D417574-40C8-492B-A5B1-06EA2EEEFECA}.Release|x86.ActiveCfg = Release|Any CPU
		{4D417574-40C8-492B-A5B1-06EA2EEEFECA}.Release|x86.Build.0 = Release|Any CPU
		{FF7E9B71-813C-4AAD-887E-31E52766EAF8}.Debug|Any CPU.ActiveCfg = Debug|Any CPU
		{FF7E9B71-813C-4AAD-887E-31E52766EAF8}.Debug|Any CPU.Build.0 = Debug|Any CPU
		{FF7E9B71-813C-4AAD-887E-31E52766EAF8}.Debug|x64.ActiveCfg = Debug|Any CPU
		{FF7E9B71-813C-4AAD-887E-31E52766EAF8}.Debug|x64.Build.0 = Debug|Any CPU
		{FF7E9B71-813C-4AAD-887E-31E52766EAF8}.Debug|x86.ActiveCfg = Debug|Any CPU
		{FF7E9B71-813C-4AAD-887E-31E52766EAF8}.Debug|x86.Build.0 = Debug|Any CPU
		{FF7E9B71-813C-4AAD-887E-31E52766EAF8}.Release|Any CPU.ActiveCfg = Release|Any CPU
		{FF7E9B71-813C-4AAD-887E-31E52766EAF8}.Release|Any CPU.Build.0 = Release|Any CPU
		{FF7E9B71-813C-4AAD-887E-31E52766EAF8}.Release|x64.ActiveCfg = Release|Any CPU
		{FF7E9B71-813C-4AAD-887E-31E52766EAF8}.Release|x64.Build.0 = Release|Any CPU
		{FF7E9B71-813C-4AAD-887E-31E52766EAF8}.Release|x86.ActiveCfg = Release|Any CPU
		{FF7E9B71-813C-4AAD-887E-31E52766EAF8}.Release|x86.Build.0 = Release|Any CPU
		{00D24BCC-1949-45ED-99BD-0515D199CDCE}.Debug|Any CPU.ActiveCfg = Debug|Any CPU
		{00D24BCC-1949-45ED-99BD-0515D199CDCE}.Debug|Any CPU.Build.0 = Debug|Any CPU
		{00D24BCC-1949-45ED-99BD-0515D199CDCE}.Debug|x64.ActiveCfg = Debug|Any CPU
		{00D24BCC-1949-45ED-99BD-0515D199CDCE}.Debug|x64.Build.0 = Debug|Any CPU
		{00D24BCC-1949-45ED-99BD-0515D199CDCE}.Debug|x86.ActiveCfg = Debug|Any CPU
		{00D24BCC-1949-45ED-99BD-0515D199CDCE}.Debug|x86.Build.0 = Debug|Any CPU
		{00D24BCC-1949-45ED-99BD-0515D199CDCE}.Release|Any CPU.ActiveCfg = Release|Any CPU
		{00D24BCC-1949-45ED-99BD-0515D199CDCE}.Release|Any CPU.Build.0 = Release|Any CPU
		{00D24BCC-1949-45ED-99BD-0515D199CDCE}.Release|x64.ActiveCfg = Release|Any CPU
		{00D24BCC-1949-45ED-99BD-0515D199CDCE}.Release|x64.Build.0 = Release|Any CPU
		{00D24BCC-1949-45ED-99BD-0515D199CDCE}.Release|x86.ActiveCfg = Release|Any CPU
		{00D24BCC-1949-45ED-99BD-0515D199CDCE}.Release|x86.Build.0 = Release|Any CPU
		{C5C2492D-B666-4CFD-BAB0-9FF71842083B}.Debug|Any CPU.ActiveCfg = Debug|Any CPU
		{C5C2492D-B666-4CFD-BAB0-9FF71842083B}.Debug|Any CPU.Build.0 = Debug|Any CPU
		{C5C2492D-B666-4CFD-BAB0-9FF71842083B}.Debug|x64.ActiveCfg = Debug|Any CPU
		{C5C2492D-B666-4CFD-BAB0-9FF71842083B}.Debug|x64.Build.0 = Debug|Any CPU
		{C5C2492D-B666-4CFD-BAB0-9FF71842083B}.Debug|x86.ActiveCfg = Debug|Any CPU
		{C5C2492D-B666-4CFD-BAB0-9FF71842083B}.Debug|x86.Build.0 = Debug|Any CPU
		{C5C2492D-B666-4CFD-BAB0-9FF71842083B}.Release|Any CPU.ActiveCfg = Release|Any CPU
		{C5C2492D-B666-4CFD-BAB0-9FF71842083B}.Release|Any CPU.Build.0 = Release|Any CPU
		{C5C2492D-B666-4CFD-BAB0-9FF71842083B}.Release|x64.ActiveCfg = Release|Any CPU
		{C5C2492D-B666-4CFD-BAB0-9FF71842083B}.Release|x64.Build.0 = Release|Any CPU
		{C5C2492D-B666-4CFD-BAB0-9FF71842083B}.Release|x86.ActiveCfg = Release|Any CPU
		{C5C2492D-B666-4CFD-BAB0-9FF71842083B}.Release|x86.Build.0 = Release|Any CPU
		{27FFF113-30CF-4920-A244-4BED1D0E2EB3}.Debug|Any CPU.ActiveCfg = Debug|Any CPU
		{27FFF113-30CF-4920-A244-4BED1D0E2EB3}.Debug|Any CPU.Build.0 = Debug|Any CPU
		{27FFF113-30CF-4920-A244-4BED1D0E2EB3}.Debug|x64.ActiveCfg = Debug|Any CPU
		{27FFF113-30CF-4920-A244-4BED1D0E2EB3}.Debug|x64.Build.0 = Debug|Any CPU
		{27FFF113-30CF-4920-A244-4BED1D0E2EB3}.Debug|x86.ActiveCfg = Debug|Any CPU
		{27FFF113-30CF-4920-A244-4BED1D0E2EB3}.Debug|x86.Build.0 = Debug|Any CPU
		{27FFF113-30CF-4920-A244-4BED1D0E2EB3}.Release|Any CPU.ActiveCfg = Release|Any CPU
		{27FFF113-30CF-4920-A244-4BED1D0E2EB3}.Release|Any CPU.Build.0 = Release|Any CPU
		{27FFF113-30CF-4920-A244-4BED1D0E2EB3}.Release|x64.ActiveCfg = Release|Any CPU
		{27FFF113-30CF-4920-A244-4BED1D0E2EB3}.Release|x64.Build.0 = Release|Any CPU
		{27FFF113-30CF-4920-A244-4BED1D0E2EB3}.Release|x86.ActiveCfg = Release|Any CPU
		{27FFF113-30CF-4920-A244-4BED1D0E2EB3}.Release|x86.Build.0 = Release|Any CPU
	EndGlobalSection
	GlobalSection(SolutionProperties) = preSolution
		HideSolutionNode = FALSE
	EndGlobalSection
	GlobalSection(ExtensibilityGlobals) = postSolution
		SolutionGuid = {29D47E8B-36F4-49B3-87A5-FC38FBF148C6}
	EndGlobalSection
EndGlobal
